// !$*UTF8*$!
{
	archiveVersion = 1;
	classes = {
	};
	objectVersion = 54;
	objects = {

/* Begin PBXBuildFile section */
		F803446B1F8B88DF00111DE5 /* BIG.MAZ in Resources */ = {isa = PBXBuildFile; fileRef = F80344611F8B88D900111DE5 /* BIG.MAZ */; };
		F803446C1F8B88DF00111DE5 /* BIGGER.MAZ in Resources */ = {isa = PBXBuildFile; fileRef = F80344621F8B88D900111DE5 /* BIGGER.MAZ */; };
		F803446D1F8B88DF00111DE5 /* BIGWEIRD.MAZ in Resources */ = {isa = PBXBuildFile; fileRef = F80344631F8B88D900111DE5 /* BIGWEIRD.MAZ */; };
		F803446E1F8B88DF00111DE5 /* BATTLE24.MAZ in Resources */ = {isa = PBXBuildFile; fileRef = F80344641F8B88D900111DE5 /* BATTLE24.MAZ */; };
		F803446F1F8B88DF00111DE5 /* FACEDMED.MAZ in Resources */ = {isa = PBXBuildFile; fileRef = F80344651F8B88D900111DE5 /* FACEDMED.MAZ */; };
		F80344701F8B88DF00111DE5 /* HUDSON.MAZ in Resources */ = {isa = PBXBuildFile; fileRef = F80344661F8B88D900111DE5 /* HUDSON.MAZ */; };
		F80344711F8B88DF00111DE5 /* BIGWIERD.MAZ in Resources */ = {isa = PBXBuildFile; fileRef = F80344671F8B88D900111DE5 /* BIGWIERD.MAZ */; };
		F80344721F8B88DF00111DE5 /* MEDDUEL2.MAZ in Resources */ = {isa = PBXBuildFile; fileRef = F80344681F8B88D900111DE5 /* MEDDUEL2.MAZ */; };
		F80344731F8B88DF00111DE5 /* BIGSTART.MAZ in Resources */ = {isa = PBXBuildFile; fileRef = F80344691F8B88D900111DE5 /* BIGSTART.MAZ */; };
		F80344741F8B88DF00111DE5 /* MEDDUEL.MAZ in Resources */ = {isa = PBXBuildFile; fileRef = F803446A1F8B88D900111DE5 /* MEDDUEL.MAZ */; };
		F859F5501F7CD32400DF37A2 /* mac.c in Sources */ = {isa = PBXBuildFile; fileRef = F859F54F1F7CD32400DF37A2 /* mac.c */; };
		F8A7D3261F7BF35300610920 /* AppDelegate.mm in Sources */ = {isa = PBXBuildFile; fileRef = F8A7D3251F7BF35300610920 /* AppDelegate.mm */; };
		F8A7D3281F7BF35300610920 /* Assets.xcassets in Resources */ = {isa = PBXBuildFile; fileRef = F8A7D3271F7BF35300610920 /* Assets.xcassets */; };
		F8A7D32B1F7BF35300610920 /* MainMenu.xib in Resources */ = {isa = PBXBuildFile; fileRef = F8A7D3291F7BF35300610920 /* MainMenu.xib */; };
		F8A7D32E1F7BF35300610920 /* main.m in Sources */ = {isa = PBXBuildFile; fileRef = F8A7D32D1F7BF35300610920 /* main.m */; };
		F8B547A71F7CC57B00705C64 /* AtariTOS.mm in Sources */ = {isa = PBXBuildFile; fileRef = F8B547A61F7CC57B00705C64 /* AtariTOS.mm */; };
		F8BC26A01F7D119200315B98 /* MIDIMAZE.D8A in Resources */ = {isa = PBXBuildFile; fileRef = F8BC269F1F7D118F00315B98 /* MIDIMAZE.D8A */; };
		F8BC26A21F7D12C600315B98 /* MIDIMAZE.MAZ in Resources */ = {isa = PBXBuildFile; fileRef = F8BC26A11F7D124900315B98 /* MIDIMAZE.MAZ */; };
		F8DB1D092DCA72AB00E9CE63 /* rstest.rsh in Resources */ = {isa = PBXBuildFile; fileRef = F8DB1CF92DCA72AB00E9CE63 /* rstest.rsh */; };
		F8DB1D0A2DCA72AB00E9CE63 /* makedraw.c in Sources */ = {isa = PBXBuildFile; fileRef = F8DB1CE52DCA72AB00E9CE63 /* makedraw.c */; };
		F8DB1D0B2DCA72AB00E9CE63 /* prefdlg.c in Sources */ = {isa = PBXBuildFile; fileRef = F8DB1CF12DCA72AB00E9CE63 /* prefdlg.c */; };
		F8DB1D0C2DCA72AB00E9CE63 /* loadmaze.c in Sources */ = {isa = PBXBuildFile; fileRef = F8DB1CE22DCA72AB00E9CE63 /* loadmaze.c */; };
		F8DB1D0D2DCA72AB00E9CE63 /* fastmath.c in Sources */ = {isa = PBXBuildFile; fileRef = F8DB1CDE2DCA72AB00E9CE63 /* fastmath.c */; };
		F8DB1D0E2DCA72AB00E9CE63 /* draw_col.c in Sources */ = {isa = PBXBuildFile; fileRef = F8DB1CD72DCA72AB00E9CE63 /* draw_col.c */; };
		F8DB1D0F2DCA72AB00E9CE63 /* calc_tab.c in Sources */ = {isa = PBXBuildFile; fileRef = F8DB1CD02DCA72AB00E9CE63 /* calc_tab.c */; };
		F8DB1D102DCA72AB00E9CE63 /* blit_bw.c in Sources */ = {isa = PBXBuildFile; fileRef = F8DB1CCD2DCA72AB00E9CE63 /* blit_bw.c */; };
		F8DB1D112DCA72AB00E9CE63 /* rungame.c in Sources */ = {isa = PBXBuildFile; fileRef = F8DB1CFC2DCA72AB00E9CE63 /* rungame.c */; };
		F8DB1D122DCA72AB00E9CE63 /* maze_set.c in Sources */ = {isa = PBXBuildFile; fileRef = F8DB1CE92DCA72AB00E9CE63 /* maze_set.c */; };
		F8DB1D132DCA72AB00E9CE63 /* readmidi.c in Sources */ = {isa = PBXBuildFile; fileRef = F8DB1CF32DCA72AB00E9CE63 /* readmidi.c */; };
		F8DB1D142DCA72AB00E9CE63 /* midicomm.c in Sources */ = {isa = PBXBuildFile; fileRef = F8DB1CEB2DCA72AB00E9CE63 /* midicomm.c */; };
		F8DB1D152DCA72AB00E9CE63 /* popchart.c in Sources */ = {isa = PBXBuildFile; fileRef = F8DB1CF02DCA72AB00E9CE63 /* popchart.c */; };
		F8DB1D162DCA72AB00E9CE63 /* savescr.c in Sources */ = {isa = PBXBuildFile; fileRef = F8DB1CFD2DCA72AB00E9CE63 /* savescr.c */; };
		F8DB1D172DCA72AB00E9CE63 /* conterm.c in Sources */ = {isa = PBXBuildFile; fileRef = F8DB1CD12DCA72AB00E9CE63 /* conterm.c */; };
		F8DB1D182DCA72AB00E9CE63 /* midicam.c in Sources */ = {isa = PBXBuildFile; fileRef = F8DB1CEA2DCA72AB00E9CE63 /* midicam.c */; };
		F8DB1D192DCA72AB00E9CE63 /* drone.c in Sources */ = {isa = PBXBuildFile; fileRef = F8DB1CDC2DCA72AB00E9CE63 /* drone.c */; };
		F8DB1D1A2DCA72AB00E9CE63 /* dispatch.c in Sources */ = {isa = PBXBuildFile; fileRef = F8DB1CD52DCA72AB00E9CE63 /* dispatch.c */; };
		F8DB1D1B2DCA72AB00E9CE63 /* draw2d.c in Sources */ = {isa = PBXBuildFile; fileRef = F8DB1CD82DCA72AB00E9CE63 /* draw2d.c */; };
		F8DB1D1C2DCA72AB00E9CE63 /* sound.c in Sources */ = {isa = PBXBuildFile; fileRef = F8DB1D012DCA72AB00E9CE63 /* sound.c */; };
		F8DB1D1D2DCA72AB00E9CE63 /* rscmisc.c in Sources */ = {isa = PBXBuildFile; fileRef = F8DB1CF52DCA72AB00E9CE63 /* rscmisc.c */; };
		F8DB1D1E2DCA72AB00E9CE63 /* maze_obj.c in Sources */ = {isa = PBXBuildFile; fileRef = F8DB1CE82DCA72AB00E9CE63 /* maze_obj.c */; };
		F8DB1D1F2DCA72AB00E9CE63 /* decomp.c in Sources */ = {isa = PBXBuildFile; fileRef = F8DB1CD32DCA72AB00E9CE63 /* decomp.c */; };
		F8DB1D202DCA72AB00E9CE63 /* maingame.c in Sources */ = {isa = PBXBuildFile; fileRef = F8DB1CE42DCA72AB00E9CE63 /* maingame.c */; };
		F8DB1D212DCA72AB00E9CE63 /* gamelogi.c in Sources */ = {isa = PBXBuildFile; fileRef = F8DB1CDF2DCA72AB00E9CE63 /* gamelogi.c */; };
		F8DB1D222DCA72AB00E9CE63 /* draw3d.c in Sources */ = {isa = PBXBuildFile; fileRef = F8DB1CD92DCA72AB00E9CE63 /* draw3d.c */; };
		F8DB1D232DCA72AB00E9CE63 /* happyind.c in Sources */ = {isa = PBXBuildFile; fileRef = F8DB1CE12DCA72AB00E9CE63 /* happyind.c */; };
		F8DB1D242DCA72AB00E9CE63 /* drawwall.c in Sources */ = {isa = PBXBuildFile; fileRef = F8DB1CDB2DCA72AB00E9CE63 /* drawwall.c */; };
		F8DB1D262DCA72AB00E9CE63 /* endshape.c in Sources */ = {isa = PBXBuildFile; fileRef = F8DB1CDD2DCA72AB00E9CE63 /* endshape.c */; };
		F8DB1D272DCA72AB00E9CE63 /* miscout.c in Sources */ = {isa = PBXBuildFile; fileRef = F8DB1CEC2DCA72AB00E9CE63 /* miscout.c */; };
		F8DB1D282DCA72AB00E9CE63 /* setup.c in Sources */ = {isa = PBXBuildFile; fileRef = F8DB1CFF2DCA72AB00E9CE63 /* setup.c */; };
		F8DB1D292DCA72AB00E9CE63 /* mulsdivs.c in Sources */ = {isa = PBXBuildFile; fileRef = F8DB1CEE2DCA72AB00E9CE63 /* mulsdivs.c */; };
		F8DB1D2A2DCA72AB00E9CE63 /* drawshap.c in Sources */ = {isa = PBXBuildFile; fileRef = F8DB1CDA2DCA72AB00E9CE63 /* drawshap.c */; };
		F8DB1D2B2DCA72AB00E9CE63 /* notebrd.c in Sources */ = {isa = PBXBuildFile; fileRef = F8DB1CEF2DCA72AB00E9CE63 /* notebrd.c */; };
		F8DB1D2C2DCA72AB00E9CE63 /* draw_bw.c in Sources */ = {isa = PBXBuildFile; fileRef = F8DB1CD62DCA72AB00E9CE63 /* draw_bw.c */; };
		F8DB1D2D2DCA72AB00E9CE63 /* makelist.c in Sources */ = {isa = PBXBuildFile; fileRef = F8DB1CE62DCA72AB00E9CE63 /* makelist.c */; };
		F8DB1D2E2DCA72AB00E9CE63 /* lowmem.c in Sources */ = {isa = PBXBuildFile; fileRef = F8DB1CE32DCA72AB00E9CE63 /* lowmem.c */; };
		F8DB1D2F2DCA72AB00E9CE63 /* screen.c in Sources */ = {isa = PBXBuildFile; fileRef = F8DB1CFE2DCA72AB00E9CE63 /* screen.c */; };
		F8DB1D302DCA72AB00E9CE63 /* copyprot.c in Sources */ = {isa = PBXBuildFile; fileRef = F8DB1CD22DCA72AB00E9CE63 /* copyprot.c */; };
		F8DB1D312DCA72AB00E9CE63 /* moreshap.c in Sources */ = {isa = PBXBuildFile; fileRef = F8DB1CED2DCA72AB00E9CE63 /* moreshap.c */; };
		F8DB1D322DCA72AB00E9CE63 /* string.c in Sources */ = {isa = PBXBuildFile; fileRef = F8DB1D022DCA72AB00E9CE63 /* string.c */; };
		F8DB1D332DCA72AB00E9CE63 /* aesinit.c in Sources */ = {isa = PBXBuildFile; fileRef = F8DB1CCC2DCA72AB00E9CE63 /* aesinit.c */; };
		F8DB1D342DCA72AB00E9CE63 /* blit_col.c in Sources */ = {isa = PBXBuildFile; fileRef = F8DB1CCE2DCA72AB00E9CE63 /* blit_col.c */; };
		F8DB1D352DCA72AB00E9CE63 /* master.c in Sources */ = {isa = PBXBuildFile; fileRef = F8DB1CE72DCA72AB00E9CE63 /* master.c */; };
		F8DB1D362DCA72AB00E9CE63 /* slave.c in Sources */ = {isa = PBXBuildFile; fileRef = F8DB1D002DCA72AB00E9CE63 /* slave.c */; };
		F8DB1D372DCA72AB00E9CE63 /* rnd.c in Sources */ = {isa = PBXBuildFile; fileRef = F8DB1CF42DCA72AB00E9CE63 /* rnd.c */; };
		F8E2F7591F80145B00DA1F40 /* MIDIMaze Hit.mp3 in Resources */ = {isa = PBXBuildFile; fileRef = F8E2F7571F80142D00DA1F40 /* MIDIMaze Hit.mp3 */; };
		F8E2F75A1F80145E00DA1F40 /* MIDIMaze Shot.mp3 in Resources */ = {isa = PBXBuildFile; fileRef = F8E2F7581F80142D00DA1F40 /* MIDIMaze Shot.mp3 */; };
/* End PBXBuildFile section */

/* Begin PBXFileReference section */
		F80344611F8B88D900111DE5 /* BIG.MAZ */ = {isa = PBXFileReference; lastKnownFileType = text; path = BIG.MAZ; sourceTree = "<group>"; };
		F80344621F8B88D900111DE5 /* BIGGER.MAZ */ = {isa = PBXFileReference; lastKnownFileType = text; path = BIGGER.MAZ; sourceTree = "<group>"; };
		F80344631F8B88D900111DE5 /* BIGWEIRD.MAZ */ = {isa = PBXFileReference; lastKnownFileType = text; path = BIGWEIRD.MAZ; sourceTree = "<group>"; };
		F80344641F8B88D900111DE5 /* BATTLE24.MAZ */ = {isa = PBXFileReference; lastKnownFileType = text; path = BATTLE24.MAZ; sourceTree = "<group>"; };
		F80344651F8B88D900111DE5 /* FACEDMED.MAZ */ = {isa = PBXFileReference; lastKnownFileType = text; path = FACEDMED.MAZ; sourceTree = "<group>"; };
		F80344661F8B88D900111DE5 /* HUDSON.MAZ */ = {isa = PBXFileReference; lastKnownFileType = text; path = HUDSON.MAZ; sourceTree = "<group>"; };
		F80344671F8B88D900111DE5 /* BIGWIERD.MAZ */ = {isa = PBXFileReference; lastKnownFileType = text; path = BIGWIERD.MAZ; sourceTree = "<group>"; };
		F80344681F8B88D900111DE5 /* MEDDUEL2.MAZ */ = {isa = PBXFileReference; lastKnownFileType = text; path = MEDDUEL2.MAZ; sourceTree = "<group>"; };
		F80344691F8B88D900111DE5 /* BIGSTART.MAZ */ = {isa = PBXFileReference; lastKnownFileType = text; path = BIGSTART.MAZ; sourceTree = "<group>"; };
		F803446A1F8B88D900111DE5 /* MEDDUEL.MAZ */ = {isa = PBXFileReference; lastKnownFileType = text; path = MEDDUEL.MAZ; sourceTree = "<group>"; };
		F846C0EC1F9D3BA400D69024 /* D8AFileFormat.md */ = {isa = PBXFileReference; lastKnownFileType = net.daringfireball.markdown; path = D8AFileFormat.md; sourceTree = "<group>"; };
		F846C0ED1F9D3BA500D69024 /* MIDImazeEngineOverview.md */ = {isa = PBXFileReference; lastKnownFileType = net.daringfireball.markdown; path = MIDImazeEngineOverview.md; sourceTree = "<group>"; };
		F846C0EE1F9D3BA500D69024 /* AtariScreenBitmap.md */ = {isa = PBXFileReference; lastKnownFileType = net.daringfireball.markdown; path = AtariScreenBitmap.md; sourceTree = "<group>"; };
		F859F54F1F7CD32400DF37A2 /* mac.c */ = {isa = PBXFileReference; lastKnownFileType = sourcecode.cpp.cpp; path = mac.c; sourceTree = "<group>"; };
		F85AB60C1F9D441800FA4167 /* MIDICommunication.md */ = {isa = PBXFileReference; lastKnownFileType = net.daringfireball.markdown; path = MIDICommunication.md; sourceTree = "<group>"; };
		F86C73261F9A164C003DCC15 /* README.md */ = {isa = PBXFileReference; lastKnownFileType = net.daringfireball.markdown; path = README.md; sourceTree = "<group>"; };
		F879F4B11F9FDD67003CF63F /* CompressedTitle.md */ = {isa = PBXFileReference; lastKnownFileType = net.daringfireball.markdown; path = CompressedTitle.md; sourceTree = "<group>"; };
		F888771C1F7E34E90027D68B /* MIDIMAZE.PRG */ = {isa = PBXFileReference; lastKnownFileType = file; path = MIDIMAZE.PRG; sourceTree = "<group>"; };
		F888771D1F7E34E90027D68B /* MIDIMAZE.TXT */ = {isa = PBXFileReference; lastKnownFileType = text; path = MIDIMAZE.TXT; sourceTree = "<group>"; };
		F8A7D3211F7BF35300610920 /* MIDIMaze.app */ = {isa = PBXFileReference; explicitFileType = wrapper.application; includeInIndex = 0; path = MIDIMaze.app; sourceTree = BUILT_PRODUCTS_DIR; };
		F8A7D3241F7BF35300610920 /* AppDelegate.h */ = {isa = PBXFileReference; lastKnownFileType = sourcecode.c.h; path = AppDelegate.h; sourceTree = "<group>"; };
		F8A7D3251F7BF35300610920 /* AppDelegate.mm */ = {isa = PBXFileReference; lastKnownFileType = sourcecode.cpp.objcpp; path = AppDelegate.mm; sourceTree = "<group>"; };
		F8A7D3271F7BF35300610920 /* Assets.xcassets */ = {isa = PBXFileReference; lastKnownFileType = folder.assetcatalog; path = Assets.xcassets; sourceTree = "<group>"; };
		F8A7D32A1F7BF35300610920 /* Base */ = {isa = PBXFileReference; lastKnownFileType = file.xib; name = Base; path = Base.lproj/MainMenu.xib; sourceTree = "<group>"; };
		F8A7D32C1F7BF35300610920 /* Info.plist */ = {isa = PBXFileReference; lastKnownFileType = text.plist.xml; path = Info.plist; sourceTree = "<group>"; };
		F8A7D32D1F7BF35300610920 /* main.m */ = {isa = PBXFileReference; lastKnownFileType = sourcecode.c.objc; path = main.m; sourceTree = "<group>"; };
		F8A7D32F1F7BF35300610920 /* MIDIMaze.entitlements */ = {isa = PBXFileReference; lastKnownFileType = text.plist.entitlements; path = MIDIMaze.entitlements; sourceTree = "<group>"; };
		F8A7D3961F7BF3D600610920 /* portab.h */ = {isa = PBXFileReference; lastKnownFileType = sourcecode.c.h; name = portab.h; path = gui/common/portab.h; sourceTree = SOURCE_ROOT; };
		F8B547A61F7CC57B00705C64 /* AtariTOS.mm */ = {isa = PBXFileReference; lastKnownFileType = sourcecode.cpp.objcpp; path = AtariTOS.mm; sourceTree = "<group>"; };
		F8BC269F1F7D118F00315B98 /* MIDIMAZE.D8A */ = {isa = PBXFileReference; lastKnownFileType = file; name = MIDIMAZE.D8A; path = MIDIMazeDisc/MIDIMAZE.D8A; sourceTree = SOURCE_ROOT; };
		F8BC26A11F7D124900315B98 /* MIDIMAZE.MAZ */ = {isa = PBXFileReference; lastKnownFileType = text; name = MIDIMAZE.MAZ; path = MIDIMazeDisc/MIDIMAZE.MAZ; sourceTree = SOURCE_ROOT; };
		F8DB1CCC2DCA72AB00E9CE63 /* aesinit.c */ = {isa = PBXFileReference; lastKnownFileType = sourcecode.c.c; path = aesinit.c; sourceTree = "<group>"; };
		F8DB1CCD2DCA72AB00E9CE63 /* blit_bw.c */ = {isa = PBXFileReference; lastKnownFileType = sourcecode.c.c; path = blit_bw.c; sourceTree = "<group>"; };
		F8DB1CCE2DCA72AB00E9CE63 /* blit_col.c */ = {isa = PBXFileReference; lastKnownFileType = sourcecode.c.c; path = blit_col.c; sourceTree = "<group>"; };
		F8DB1CCF2DCA72AB00E9CE63 /* calc_tab.h */ = {isa = PBXFileReference; lastKnownFileType = sourcecode.c.h; path = calc_tab.h; sourceTree = "<group>"; };
		F8DB1CD02DCA72AB00E9CE63 /* calc_tab.c */ = {isa = PBXFileReference; lastKnownFileType = sourcecode.c.c; path = calc_tab.c; sourceTree = "<group>"; };
		F8DB1CD12DCA72AB00E9CE63 /* conterm.c */ = {isa = PBXFileReference; lastKnownFileType = sourcecode.c.c; path = conterm.c; sourceTree = "<group>"; };
		F8DB1CD22DCA72AB00E9CE63 /* copyprot.c */ = {isa = PBXFileReference; lastKnownFileType = sourcecode.c.c; path = copyprot.c; sourceTree = "<group>"; };
		F8DB1CD32DCA72AB00E9CE63 /* decomp.c */ = {isa = PBXFileReference; lastKnownFileType = sourcecode.c.c; path = decomp.c; sourceTree = "<group>"; };
		F8DB1CD42DCA72AB00E9CE63 /* delay.s */ = {isa = PBXFileReference; lastKnownFileType = sourcecode.asm; path = delay.s; sourceTree = "<group>"; };
		F8DB1CD52DCA72AB00E9CE63 /* dispatch.c */ = {isa = PBXFileReference; lastKnownFileType = sourcecode.c.c; path = dispatch.c; sourceTree = "<group>"; };
		F8DB1CD62DCA72AB00E9CE63 /* draw_bw.c */ = {isa = PBXFileReference; lastKnownFileType = sourcecode.c.c; path = draw_bw.c; sourceTree = "<group>"; };
		F8DB1CD72DCA72AB00E9CE63 /* draw_col.c */ = {isa = PBXFileReference; lastKnownFileType = sourcecode.c.c; path = draw_col.c; sourceTree = "<group>"; };
		F8DB1CD82DCA72AB00E9CE63 /* draw2d.c */ = {isa = PBXFileReference; lastKnownFileType = sourcecode.c.c; path = draw2d.c; sourceTree = "<group>"; };
		F8DB1CD92DCA72AB00E9CE63 /* draw3d.c */ = {isa = PBXFileReference; lastKnownFileType = sourcecode.c.c; path = draw3d.c; sourceTree = "<group>"; };
		F8DB1CDA2DCA72AB00E9CE63 /* drawshap.c */ = {isa = PBXFileReference; lastKnownFileType = sourcecode.c.c; path = drawshap.c; sourceTree = "<group>"; };
		F8DB1CDB2DCA72AB00E9CE63 /* drawwall.c */ = {isa = PBXFileReference; lastKnownFileType = sourcecode.c.c; path = drawwall.c; sourceTree = "<group>"; };
		F8DB1CDC2DCA72AB00E9CE63 /* drone.c */ = {isa = PBXFileReference; lastKnownFileType = sourcecode.c.c; path = drone.c; sourceTree = "<group>"; };
		F8DB1CDD2DCA72AB00E9CE63 /* endshape.c */ = {isa = PBXFileReference; lastKnownFileType = sourcecode.c.c; path = endshape.c; sourceTree = "<group>"; };
		F8DB1CDE2DCA72AB00E9CE63 /* fastmath.c */ = {isa = PBXFileReference; lastKnownFileType = sourcecode.c.c; path = fastmath.c; sourceTree = "<group>"; };
		F8DB1CDF2DCA72AB00E9CE63 /* gamelogi.c */ = {isa = PBXFileReference; lastKnownFileType = sourcecode.c.c; path = gamelogi.c; sourceTree = "<group>"; };
		F8DB1CE02DCA72AB00E9CE63 /* globals.h */ = {isa = PBXFileReference; lastKnownFileType = sourcecode.c.h; path = globals.h; sourceTree = "<group>"; };
		F8DB1CE12DCA72AB00E9CE63 /* happyind.c */ = {isa = PBXFileReference; lastKnownFileType = sourcecode.c.c; path = happyind.c; sourceTree = "<group>"; };
		F8DB1CE22DCA72AB00E9CE63 /* loadmaze.c */ = {isa = PBXFileReference; lastKnownFileType = sourcecode.c.c; path = loadmaze.c; sourceTree = "<group>"; };
		F8DB1CE32DCA72AB00E9CE63 /* lowmem.c */ = {isa = PBXFileReference; lastKnownFileType = sourcecode.c.c; path = lowmem.c; sourceTree = "<group>"; };
		F8DB1CE42DCA72AB00E9CE63 /* maingame.c */ = {isa = PBXFileReference; lastKnownFileType = sourcecode.c.c; path = maingame.c; sourceTree = "<group>"; };
		F8DB1CE52DCA72AB00E9CE63 /* makedraw.c */ = {isa = PBXFileReference; lastKnownFileType = sourcecode.c.c; path = makedraw.c; sourceTree = "<group>"; };
		F8DB1CE62DCA72AB00E9CE63 /* makelist.c */ = {isa = PBXFileReference; lastKnownFileType = sourcecode.c.c; path = makelist.c; sourceTree = "<group>"; };
		F8DB1CE72DCA72AB00E9CE63 /* master.c */ = {isa = PBXFileReference; lastKnownFileType = sourcecode.c.c; path = master.c; sourceTree = "<group>"; };
		F8DB1CE82DCA72AB00E9CE63 /* maze_obj.c */ = {isa = PBXFileReference; lastKnownFileType = sourcecode.c.c; path = maze_obj.c; sourceTree = "<group>"; };
		F8DB1CE92DCA72AB00E9CE63 /* maze_set.c */ = {isa = PBXFileReference; lastKnownFileType = sourcecode.c.c; path = maze_set.c; sourceTree = "<group>"; };
		F8DB1CEA2DCA72AB00E9CE63 /* midicam.c */ = {isa = PBXFileReference; lastKnownFileType = sourcecode.c.c; path = midicam.c; sourceTree = "<group>"; };
		F8DB1CEB2DCA72AB00E9CE63 /* midicomm.c */ = {isa = PBXFileReference; lastKnownFileType = sourcecode.c.c; path = midicomm.c; sourceTree = "<group>"; };
		F8DB1CEC2DCA72AB00E9CE63 /* miscout.c */ = {isa = PBXFileReference; lastKnownFileType = sourcecode.c.c; path = miscout.c; sourceTree = "<group>"; };
		F8DB1CED2DCA72AB00E9CE63 /* moreshap.c */ = {isa = PBXFileReference; lastKnownFileType = sourcecode.c.c; path = moreshap.c; sourceTree = "<group>"; };
		F8DB1CEE2DCA72AB00E9CE63 /* mulsdivs.c */ = {isa = PBXFileReference; lastKnownFileType = sourcecode.c.c; path = mulsdivs.c; sourceTree = "<group>"; };
		F8DB1CEF2DCA72AB00E9CE63 /* notebrd.c */ = {isa = PBXFileReference; lastKnownFileType = sourcecode.c.c; path = notebrd.c; sourceTree = "<group>"; };
		F8DB1CF02DCA72AB00E9CE63 /* popchart.c */ = {isa = PBXFileReference; lastKnownFileType = sourcecode.c.c; path = popchart.c; sourceTree = "<group>"; };
		F8DB1CF12DCA72AB00E9CE63 /* prefdlg.c */ = {isa = PBXFileReference; lastKnownFileType = sourcecode.c.c; path = prefdlg.c; sourceTree = "<group>"; };
		F8DB1CF22DCA72AB00E9CE63 /* README.md */ = {isa = PBXFileReference; lastKnownFileType = net.daringfireball.markdown; path = README.md; sourceTree = "<group>"; };
		F8DB1CF32DCA72AB00E9CE63 /* readmidi.c */ = {isa = PBXFileReference; lastKnownFileType = sourcecode.c.c; path = readmidi.c; sourceTree = "<group>"; };
		F8DB1CF42DCA72AB00E9CE63 /* rnd.c */ = {isa = PBXFileReference; lastKnownFileType = sourcecode.c.c; path = rnd.c; sourceTree = "<group>"; };
		F8DB1CF52DCA72AB00E9CE63 /* rscmisc.c */ = {isa = PBXFileReference; lastKnownFileType = sourcecode.c.c; path = rscmisc.c; sourceTree = "<group>"; };
		F8DB1CF62DCA72AB00E9CE63 /* rstest.h */ = {isa = PBXFileReference; lastKnownFileType = sourcecode.c.h; path = rstest.h; sourceTree = "<group>"; };
		F8DB1CF72DCA72AB00E9CE63 /* rstest.hrd */ = {isa = PBXFileReference; lastKnownFileType = file; path = rstest.hrd; sourceTree = "<group>"; };
		F8DB1CF82DCA72AB00E9CE63 /* rstest.rsc */ = {isa = PBXFileReference; lastKnownFileType = file; path = rstest.rsc; sourceTree = "<group>"; };
		F8DB1CF92DCA72AB00E9CE63 /* rstest.rsh */ = {isa = PBXFileReference; lastKnownFileType = text; path = rstest.rsh; sourceTree = "<group>"; };
		F8DB1CFA2DCA72AB00E9CE63 /* rstest.rsm */ = {isa = PBXFileReference; lastKnownFileType = text; path = rstest.rsm; sourceTree = "<group>"; };
		F8DB1CFB2DCA72AB00E9CE63 /* rstest.rso */ = {isa = PBXFileReference; lastKnownFileType = file; path = rstest.rso; sourceTree = "<group>"; };
		F8DB1CFC2DCA72AB00E9CE63 /* rungame.c */ = {isa = PBXFileReference; lastKnownFileType = sourcecode.c.c; path = rungame.c; sourceTree = "<group>"; };
		F8DB1CFD2DCA72AB00E9CE63 /* savescr.c */ = {isa = PBXFileReference; lastKnownFileType = sourcecode.c.c; path = savescr.c; sourceTree = "<group>"; };
		F8DB1CFE2DCA72AB00E9CE63 /* screen.c */ = {isa = PBXFileReference; lastKnownFileType = sourcecode.c.c; path = screen.c; sourceTree = "<group>"; };
		F8DB1CFF2DCA72AB00E9CE63 /* setup.c */ = {isa = PBXFileReference; lastKnownFileType = sourcecode.c.c; path = setup.c; sourceTree = "<group>"; };
		F8DB1D002DCA72AB00E9CE63 /* slave.c */ = {isa = PBXFileReference; lastKnownFileType = sourcecode.c.c; path = slave.c; sourceTree = "<group>"; };
		F8DB1D012DCA72AB00E9CE63 /* sound.c */ = {isa = PBXFileReference; lastKnownFileType = sourcecode.c.c; path = sound.c; sourceTree = "<group>"; };
		F8DB1D022DCA72AB00E9CE63 /* string.c */ = {isa = PBXFileReference; lastKnownFileType = sourcecode.c.c; path = string.c; sourceTree = "<group>"; };
		F8E2F7571F80142D00DA1F40 /* MIDIMaze Hit.mp3 */ = {isa = PBXFileReference; lastKnownFileType = audio.mp3; name = "MIDIMaze Hit.mp3"; path = "MIDIMAZE2/MIDIMaze Hit.mp3"; sourceTree = SOURCE_ROOT; };
		F8E2F7581F80142D00DA1F40 /* MIDIMaze Shot.mp3 */ = {isa = PBXFileReference; lastKnownFileType = audio.mp3; name = "MIDIMaze Shot.mp3"; path = "MIDIMAZE2/MIDIMaze Shot.mp3"; sourceTree = SOURCE_ROOT; };
		F8F081081F82B18C0091699C /* MM2MazeIcon.icns */ = {isa = PBXFileReference; lastKnownFileType = image.icns; path = MM2MazeIcon.icns; sourceTree = "<group>"; };
		F8F395371F837F98004EB25C /* AtariST8x8.c */ = {isa = PBXFileReference; lastKnownFileType = sourcecode.c.c; path = AtariST8x8.c; sourceTree = "<group>"; };
		F8F395381F837F98004EB25C /* AtariST8x16.c */ = {isa = PBXFileReference; lastKnownFileType = sourcecode.c.c; path = AtariST8x16.c; sourceTree = "<group>"; };
		F8F3953B1F83DEB6004EB25C /* bitmacro.h */ = {isa = PBXFileReference; lastKnownFileType = sourcecode.c.h; name = bitmacro.h; path = gui/common/bitmacro.h; sourceTree = SOURCE_ROOT; };
/* End PBXFileReference section */

/* Begin PBXFrameworksBuildPhase section */
		F8A7D31E1F7BF35300610920 /* Frameworks */ = {
			isa = PBXFrameworksBuildPhase;
			buildActionMask = 2147483647;
			files = (
			);
			runOnlyForDeploymentPostprocessing = 0;
		};
/* End PBXFrameworksBuildPhase section */

/* Begin PBXGroup section */
		F80344601F8B88D900111DE5 /* MAZES */ = {
			isa = PBXGroup;
			children = (
				F80344611F8B88D900111DE5 /* BIG.MAZ */,
				F80344621F8B88D900111DE5 /* BIGGER.MAZ */,
				F80344631F8B88D900111DE5 /* BIGWEIRD.MAZ */,
				F80344641F8B88D900111DE5 /* BATTLE24.MAZ */,
				F80344651F8B88D900111DE5 /* FACEDMED.MAZ */,
				F80344661F8B88D900111DE5 /* HUDSON.MAZ */,
				F80344671F8B88D900111DE5 /* BIGWIERD.MAZ */,
				F80344681F8B88D900111DE5 /* MEDDUEL2.MAZ */,
				F80344691F8B88D900111DE5 /* BIGSTART.MAZ */,
				F803446A1F8B88D900111DE5 /* MEDDUEL.MAZ */,
			);
			path = MAZES;
			sourceTree = "<group>";
		};
		F86C73231F9A164C003DCC15 /* README */ = {
			isa = PBXGroup;
			children = (
				F846C0EE1F9D3BA500D69024 /* AtariScreenBitmap.md */,
				F879F4B11F9FDD67003CF63F /* CompressedTitle.md */,
				F846C0EC1F9D3BA400D69024 /* D8AFileFormat.md */,
				F85AB60C1F9D441800FA4167 /* MIDICommunication.md */,
				F846C0ED1F9D3BA500D69024 /* MIDImazeEngineOverview.md */,
			);
			path = README;
			sourceTree = "<group>";
		};
		F88877021F7D54280027D68B /* Helper Sources */ = {
			isa = PBXGroup;
			children = (
				F8A7D3961F7BF3D600610920 /* portab.h */,
				F8F3953B1F83DEB6004EB25C /* bitmacro.h */,
				F859F54F1F7CD32400DF37A2 /* mac.c */,
				F8B547A61F7CC57B00705C64 /* AtariTOS.mm */,
				F8F395371F837F98004EB25C /* AtariST8x8.c */,
				F8F395381F837F98004EB25C /* AtariST8x16.c */,
			);
			path = "Helper Sources";
			sourceTree = "<group>";
		};
		F88877181F7E33B80027D68B /* Resources */ = {
			isa = PBXGroup;
			children = (
				F8F081081F82B18C0091699C /* MM2MazeIcon.icns */,
				F8A7D32F1F7BF35300610920 /* MIDIMaze.entitlements */,
				F8A7D3271F7BF35300610920 /* Assets.xcassets */,
				F8A7D3291F7BF35300610920 /* MainMenu.xib */,
				F8E2F7571F80142D00DA1F40 /* MIDIMaze Hit.mp3 */,
				F8E2F7581F80142D00DA1F40 /* MIDIMaze Shot.mp3 */,
				F8A7D32C1F7BF35300610920 /* Info.plist */,
			);
			path = Resources;
			sourceTree = "<group>";
		};
		F88877191F7E34840027D68B /* MIDIMazeDisc */ = {
			isa = PBXGroup;
			children = (
				F80344601F8B88D900111DE5 /* MAZES */,
				F8BC269F1F7D118F00315B98 /* MIDIMAZE.D8A */,
				F8BC26A11F7D124900315B98 /* MIDIMAZE.MAZ */,
				F888771C1F7E34E90027D68B /* MIDIMAZE.PRG */,
				F888771D1F7E34E90027D68B /* MIDIMAZE.TXT */,
			);
			path = MIDIMazeDisc;
			sourceTree = "<group>";
		};
		F8A7D3181F7BF35300610920 = {
			isa = PBXGroup;
			children = (
				F86C73231F9A164C003DCC15 /* README */,
				F86C73261F9A164C003DCC15 /* README.md */,
				F8DB1D032DCA72AB00E9CE63 /* src */,
				F88877191F7E34840027D68B /* MIDIMazeDisc */,
				F8A7D3231F7BF35300610920 /* MIDIMaze */,
				F8A7D3221F7BF35300610920 /* Products */,
			);
			sourceTree = "<group>";
		};
		F8A7D3221F7BF35300610920 /* Products */ = {
			isa = PBXGroup;
			children = (
				F8A7D3211F7BF35300610920 /* MIDIMaze.app */,
			);
			name = Products;
			sourceTree = "<group>";
		};
		F8A7D3231F7BF35300610920 /* MIDIMaze */ = {
			isa = PBXGroup;
			children = (
				F8A7D32D1F7BF35300610920 /* main.m */,
				F8A7D3241F7BF35300610920 /* AppDelegate.h */,
				F8A7D3251F7BF35300610920 /* AppDelegate.mm */,
				F88877021F7D54280027D68B /* Helper Sources */,
				F88877181F7E33B80027D68B /* Resources */,
			);
			path = MIDIMaze;
			sourceTree = "<group>";
		};
		F8DB1D032DCA72AB00E9CE63 /* src */ = {
			isa = PBXGroup;
			children = (
				F8DB1CCC2DCA72AB00E9CE63 /* aesinit.c */,
				F8DB1CCD2DCA72AB00E9CE63 /* blit_bw.c */,
				F8DB1CCE2DCA72AB00E9CE63 /* blit_col.c */,
				F8DB1CCF2DCA72AB00E9CE63 /* calc_tab.h */,
				F8DB1CD02DCA72AB00E9CE63 /* calc_tab.c */,
				F8DB1CD12DCA72AB00E9CE63 /* conterm.c */,
				F8DB1CD22DCA72AB00E9CE63 /* copyprot.c */,
				F8DB1CD32DCA72AB00E9CE63 /* decomp.c */,
				F8DB1CD42DCA72AB00E9CE63 /* delay.s */,
				F8DB1CD52DCA72AB00E9CE63 /* dispatch.c */,
				F8DB1CD62DCA72AB00E9CE63 /* draw_bw.c */,
				F8DB1CD72DCA72AB00E9CE63 /* draw_col.c */,
				F8DB1CD82DCA72AB00E9CE63 /* draw2d.c */,
				F8DB1CD92DCA72AB00E9CE63 /* draw3d.c */,
				F8DB1CDA2DCA72AB00E9CE63 /* drawshap.c */,
				F8DB1CDB2DCA72AB00E9CE63 /* drawwall.c */,
				F8DB1CDC2DCA72AB00E9CE63 /* drone.c */,
				F8DB1CDD2DCA72AB00E9CE63 /* endshape.c */,
				F8DB1CDE2DCA72AB00E9CE63 /* fastmath.c */,
				F8DB1CDF2DCA72AB00E9CE63 /* gamelogi.c */,
				F8DB1CE02DCA72AB00E9CE63 /* globals.h */,
				F8DB1CE12DCA72AB00E9CE63 /* happyind.c */,
				F8DB1CE22DCA72AB00E9CE63 /* loadmaze.c */,
				F8DB1CE32DCA72AB00E9CE63 /* lowmem.c */,
				F8DB1CE42DCA72AB00E9CE63 /* maingame.c */,
				F8DB1CE52DCA72AB00E9CE63 /* makedraw.c */,
				F8DB1CE62DCA72AB00E9CE63 /* makelist.c */,
				F8DB1CE72DCA72AB00E9CE63 /* master.c */,
				F8DB1CE82DCA72AB00E9CE63 /* maze_obj.c */,
				F8DB1CE92DCA72AB00E9CE63 /* maze_set.c */,
				F8DB1CEA2DCA72AB00E9CE63 /* midicam.c */,
				F8DB1CEB2DCA72AB00E9CE63 /* midicomm.c */,
				F8DB1CEC2DCA72AB00E9CE63 /* miscout.c */,
				F8DB1CED2DCA72AB00E9CE63 /* moreshap.c */,
				F8DB1CEE2DCA72AB00E9CE63 /* mulsdivs.c */,
				F8DB1CEF2DCA72AB00E9CE63 /* notebrd.c */,
				F8DB1CF02DCA72AB00E9CE63 /* popchart.c */,
				F8DB1CF12DCA72AB00E9CE63 /* prefdlg.c */,
				F8DB1CF22DCA72AB00E9CE63 /* README.md */,
				F8DB1CF32DCA72AB00E9CE63 /* readmidi.c */,
				F8DB1CF42DCA72AB00E9CE63 /* rnd.c */,
				F8DB1CF52DCA72AB00E9CE63 /* rscmisc.c */,
				F8DB1CF62DCA72AB00E9CE63 /* rstest.h */,
				F8DB1CF72DCA72AB00E9CE63 /* rstest.hrd */,
				F8DB1CF82DCA72AB00E9CE63 /* rstest.rsc */,
				F8DB1CF92DCA72AB00E9CE63 /* rstest.rsh */,
				F8DB1CFA2DCA72AB00E9CE63 /* rstest.rsm */,
				F8DB1CFB2DCA72AB00E9CE63 /* rstest.rso */,
				F8DB1CFC2DCA72AB00E9CE63 /* rungame.c */,
				F8DB1CFD2DCA72AB00E9CE63 /* savescr.c */,
				F8DB1CFE2DCA72AB00E9CE63 /* screen.c */,
				F8DB1CFF2DCA72AB00E9CE63 /* setup.c */,
				F8DB1D002DCA72AB00E9CE63 /* slave.c */,
				F8DB1D012DCA72AB00E9CE63 /* sound.c */,
				F8DB1D022DCA72AB00E9CE63 /* string.c */,
			);
			path = src;
			sourceTree = "<group>";
		};
/* End PBXGroup section */

/* Begin PBXNativeTarget section */
		F8A7D3201F7BF35300610920 /* MIDIMaze */ = {
			isa = PBXNativeTarget;
			buildConfigurationList = F8A7D3481F7BF35300610920 /* Build configuration list for PBXNativeTarget "MIDIMaze" */;
			buildPhases = (
				F8A7D31D1F7BF35300610920 /* Sources */,
				F8A7D31E1F7BF35300610920 /* Frameworks */,
				F8A7D31F1F7BF35300610920 /* Resources */,
			);
			buildRules = (
			);
			dependencies = (
			);
			name = MIDIMaze;
			productName = MIDIMaze;
			productReference = F8A7D3211F7BF35300610920 /* MIDIMaze.app */;
			productType = "com.apple.product-type.application";
		};
/* End PBXNativeTarget section */

/* Begin PBXProject section */
		F8A7D3191F7BF35300610920 /* Project object */ = {
			isa = PBXProject;
			attributes = {
				BuildIndependentTargetsInParallel = YES;
				LastUpgradeCheck = 1630;
				ORGANIZATIONNAME = "Markus Fritze";
				TargetAttributes = {
					F8A7D3201F7BF35300610920 = {
						CreatedOnToolsVersion = 9.0;
						ProvisioningStyle = Automatic;
					};
				};
			};
			buildConfigurationList = F8A7D31C1F7BF35300610920 /* Build configuration list for PBXProject "MIDIMaze" */;
			compatibilityVersion = "Xcode 8.0";
			developmentRegion = en;
			hasScannedForEncodings = 0;
			knownRegions = (
				en,
				Base,
			);
			mainGroup = F8A7D3181F7BF35300610920;
			productRefGroup = F8A7D3221F7BF35300610920 /* Products */;
			projectDirPath = "";
			projectRoot = "";
			targets = (
				F8A7D3201F7BF35300610920 /* MIDIMaze */,
			);
		};
/* End PBXProject section */

/* Begin PBXResourcesBuildPhase section */
		F8A7D31F1F7BF35300610920 /* Resources */ = {
			isa = PBXResourcesBuildPhase;
			buildActionMask = 2147483647;
			files = (
				F803446F1F8B88DF00111DE5 /* FACEDMED.MAZ in Resources */,
				F80344741F8B88DF00111DE5 /* MEDDUEL.MAZ in Resources */,
				F8DB1D092DCA72AB00E9CE63 /* rstest.rsh in Resources */,
				F803446C1F8B88DF00111DE5 /* BIGGER.MAZ in Resources */,
				F80344731F8B88DF00111DE5 /* BIGSTART.MAZ in Resources */,
				F8BC26A01F7D119200315B98 /* MIDIMAZE.D8A in Resources */,
				F803446B1F8B88DF00111DE5 /* BIG.MAZ in Resources */,
				F8A7D3281F7BF35300610920 /* Assets.xcassets in Resources */,
				F80344701F8B88DF00111DE5 /* HUDSON.MAZ in Resources */,
				F8BC26A21F7D12C600315B98 /* MIDIMAZE.MAZ in Resources */,
				F803446D1F8B88DF00111DE5 /* BIGWEIRD.MAZ in Resources */,
				F80344721F8B88DF00111DE5 /* MEDDUEL2.MAZ in Resources */,
				F803446E1F8B88DF00111DE5 /* BATTLE24.MAZ in Resources */,
				F8E2F75A1F80145E00DA1F40 /* MIDIMaze Shot.mp3 in Resources */,
				F80344711F8B88DF00111DE5 /* BIGWIERD.MAZ in Resources */,
				F8A7D32B1F7BF35300610920 /* MainMenu.xib in Resources */,
				F8E2F7591F80145B00DA1F40 /* MIDIMaze Hit.mp3 in Resources */,
			);
			runOnlyForDeploymentPostprocessing = 0;
		};
/* End PBXResourcesBuildPhase section */

/* Begin PBXSourcesBuildPhase section */
		F8A7D31D1F7BF35300610920 /* Sources */ = {
			isa = PBXSourcesBuildPhase;
			buildActionMask = 2147483647;
			files = (
				F859F5501F7CD32400DF37A2 /* mac.c in Sources */,
				F8B547A71F7CC57B00705C64 /* AtariTOS.mm in Sources */,
				F8DB1D0A2DCA72AB00E9CE63 /* makedraw.c in Sources */,
				F8DB1D0B2DCA72AB00E9CE63 /* prefdlg.c in Sources */,
				F8DB1D0C2DCA72AB00E9CE63 /* loadmaze.c in Sources */,
				F8DB1D0D2DCA72AB00E9CE63 /* fastmath.c in Sources */,
				F8DB1D0E2DCA72AB00E9CE63 /* draw_col.c in Sources */,
				F8DB1D0F2DCA72AB00E9CE63 /* calc_tab.c in Sources */,
				F8DB1D102DCA72AB00E9CE63 /* blit_bw.c in Sources */,
				F8DB1D112DCA72AB00E9CE63 /* rungame.c in Sources */,
				F8DB1D122DCA72AB00E9CE63 /* maze_set.c in Sources */,
				F8DB1D132DCA72AB00E9CE63 /* readmidi.c in Sources */,
				F8DB1D142DCA72AB00E9CE63 /* midicomm.c in Sources */,
				F8DB1D152DCA72AB00E9CE63 /* popchart.c in Sources */,
				F8DB1D162DCA72AB00E9CE63 /* savescr.c in Sources */,
				F8DB1D172DCA72AB00E9CE63 /* conterm.c in Sources */,
				F8DB1D182DCA72AB00E9CE63 /* midicam.c in Sources */,
				F8DB1D192DCA72AB00E9CE63 /* drone.c in Sources */,
				F8DB1D1A2DCA72AB00E9CE63 /* dispatch.c in Sources */,
				F8DB1D1B2DCA72AB00E9CE63 /* draw2d.c in Sources */,
				F8DB1D1C2DCA72AB00E9CE63 /* sound.c in Sources */,
				F8DB1D1D2DCA72AB00E9CE63 /* rscmisc.c in Sources */,
				F8DB1D1E2DCA72AB00E9CE63 /* maze_obj.c in Sources */,
				F8DB1D1F2DCA72AB00E9CE63 /* decomp.c in Sources */,
				F8DB1D202DCA72AB00E9CE63 /* maingame.c in Sources */,
				F8DB1D212DCA72AB00E9CE63 /* gamelogi.c in Sources */,
				F8DB1D222DCA72AB00E9CE63 /* draw3d.c in Sources */,
				F8DB1D232DCA72AB00E9CE63 /* happyind.c in Sources */,
				F8DB1D242DCA72AB00E9CE63 /* drawwall.c in Sources */,
				F8DB1D262DCA72AB00E9CE63 /* endshape.c in Sources */,
				F8DB1D272DCA72AB00E9CE63 /* miscout.c in Sources */,
				F8DB1D282DCA72AB00E9CE63 /* setup.c in Sources */,
				F8DB1D292DCA72AB00E9CE63 /* mulsdivs.c in Sources */,
				F8DB1D2A2DCA72AB00E9CE63 /* drawshap.c in Sources */,
				F8DB1D2B2DCA72AB00E9CE63 /* notebrd.c in Sources */,
				F8DB1D2C2DCA72AB00E9CE63 /* draw_bw.c in Sources */,
				F8DB1D2D2DCA72AB00E9CE63 /* makelist.c in Sources */,
				F8DB1D2E2DCA72AB00E9CE63 /* lowmem.c in Sources */,
				F8DB1D2F2DCA72AB00E9CE63 /* screen.c in Sources */,
				F8DB1D302DCA72AB00E9CE63 /* copyprot.c in Sources */,
				F8DB1D312DCA72AB00E9CE63 /* moreshap.c in Sources */,
				F8DB1D322DCA72AB00E9CE63 /* string.c in Sources */,
				F8DB1D332DCA72AB00E9CE63 /* aesinit.c in Sources */,
				F8DB1D342DCA72AB00E9CE63 /* blit_col.c in Sources */,
				F8DB1D352DCA72AB00E9CE63 /* master.c in Sources */,
				F8DB1D362DCA72AB00E9CE63 /* slave.c in Sources */,
				F8DB1D372DCA72AB00E9CE63 /* rnd.c in Sources */,
				F8A7D32E1F7BF35300610920 /* main.m in Sources */,
				F8A7D3261F7BF35300610920 /* AppDelegate.mm in Sources */,
			);
			runOnlyForDeploymentPostprocessing = 0;
		};
/* End PBXSourcesBuildPhase section */

/* Begin PBXVariantGroup section */
		F8A7D3291F7BF35300610920 /* MainMenu.xib */ = {
			isa = PBXVariantGroup;
			children = (
				F8A7D32A1F7BF35300610920 /* Base */,
			);
			name = MainMenu.xib;
			sourceTree = "<group>";
		};
/* End PBXVariantGroup section */

/* Begin XCBuildConfiguration section */
		F8A7D3461F7BF35300610920 /* Debug */ = {
			isa = XCBuildConfiguration;
			buildSettings = {
				CLANG_ANALYZER_NONNULL = YES;
				CLANG_ANALYZER_NUMBER_OBJECT_CONVERSION = YES_AGGRESSIVE;
				CLANG_ENABLE_MODULES = YES;
				CLANG_ENABLE_OBJC_ARC = YES;
				CLANG_WARN_BLOCK_CAPTURE_AUTORELEASING = YES;
				CLANG_WARN_BOOL_CONVERSION = YES;
				CLANG_WARN_COMMA = YES;
				CLANG_WARN_CONSTANT_CONVERSION = YES;
				CLANG_WARN_DEPRECATED_OBJC_IMPLEMENTATIONS = YES;
				CLANG_WARN_DIRECT_OBJC_ISA_USAGE = YES_ERROR;
				CLANG_WARN_DOCUMENTATION_COMMENTS = YES;
				CLANG_WARN_EMPTY_BODY = YES;
				CLANG_WARN_ENUM_CONVERSION = YES;
				CLANG_WARN_INFINITE_RECURSION = YES;
				CLANG_WARN_INT_CONVERSION = YES;
				CLANG_WARN_NON_LITERAL_NULL_CONVERSION = YES;
				CLANG_WARN_OBJC_IMPLICIT_RETAIN_SELF = YES;
				CLANG_WARN_OBJC_LITERAL_CONVERSION = YES;
				CLANG_WARN_OBJC_ROOT_CLASS = YES_ERROR;
				CLANG_WARN_QUOTED_INCLUDE_IN_FRAMEWORK_HEADER = YES;
				CLANG_WARN_RANGE_LOOP_ANALYSIS = YES;
				CLANG_WARN_STRICT_PROTOTYPES = YES;
				CLANG_WARN_SUSPICIOUS_MOVE = YES;
				CLANG_WARN_UNGUARDED_AVAILABILITY = YES_AGGRESSIVE;
				CLANG_WARN_UNREACHABLE_CODE = YES;
				CLANG_WARN__DUPLICATE_METHOD_MATCH = YES;
				CODE_SIGN_IDENTITY = "-";
				COPY_PHASE_STRIP = NO;
				DEAD_CODE_STRIPPING = YES;
				DEBUG_INFORMATION_FORMAT = dwarf;
				ENABLE_STRICT_OBJC_MSGSEND = YES;
				ENABLE_TESTABILITY = YES;
				ENABLE_USER_SCRIPT_SANDBOXING = YES;
				GCC_NO_COMMON_BLOCKS = YES;
				GCC_OPTIMIZATION_LEVEL = 0;
				GCC_PREPROCESSOR_DEFINITIONS = (
					"DEBUG=1",
					"$(inherited)",
				);
				GCC_REUSE_STRINGS = NO;
				GCC_WARN_64_TO_32_BIT_CONVERSION = YES;
				GCC_WARN_ABOUT_RETURN_TYPE = YES_ERROR;
				GCC_WARN_UNDECLARED_SELECTOR = YES;
				GCC_WARN_UNINITIALIZED_AUTOS = YES_AGGRESSIVE;
				GCC_WARN_UNUSED_FUNCTION = YES;
				GCC_WARN_UNUSED_VARIABLE = YES;
				MTL_ENABLE_DEBUG_INFO = YES;
				ONLY_ACTIVE_ARCH = YES;
				SDKROOT = macosx;
			};
			name = Debug;
		};
		F8A7D3471F7BF35300610920 /* Release */ = {
			isa = XCBuildConfiguration;
			buildSettings = {
				CLANG_ANALYZER_NONNULL = YES;
				CLANG_ANALYZER_NUMBER_OBJECT_CONVERSION = YES_AGGRESSIVE;
				CLANG_ENABLE_MODULES = YES;
				CLANG_ENABLE_OBJC_ARC = YES;
				CLANG_WARN_BLOCK_CAPTURE_AUTORELEASING = YES;
				CLANG_WARN_BOOL_CONVERSION = YES;
				CLANG_WARN_COMMA = YES;
				CLANG_WARN_CONSTANT_CONVERSION = YES;
				CLANG_WARN_DEPRECATED_OBJC_IMPLEMENTATIONS = YES;
				CLANG_WARN_DIRECT_OBJC_ISA_USAGE = YES_ERROR;
				CLANG_WARN_DOCUMENTATION_COMMENTS = YES;
				CLANG_WARN_EMPTY_BODY = YES;
				CLANG_WARN_ENUM_CONVERSION = YES;
				CLANG_WARN_INFINITE_RECURSION = YES;
				CLANG_WARN_INT_CONVERSION = YES;
				CLANG_WARN_NON_LITERAL_NULL_CONVERSION = YES;
				CLANG_WARN_OBJC_IMPLICIT_RETAIN_SELF = YES;
				CLANG_WARN_OBJC_LITERAL_CONVERSION = YES;
				CLANG_WARN_OBJC_ROOT_CLASS = YES_ERROR;
				CLANG_WARN_QUOTED_INCLUDE_IN_FRAMEWORK_HEADER = YES;
				CLANG_WARN_RANGE_LOOP_ANALYSIS = YES;
				CLANG_WARN_STRICT_PROTOTYPES = YES;
				CLANG_WARN_SUSPICIOUS_MOVE = YES;
				CLANG_WARN_UNGUARDED_AVAILABILITY = YES_AGGRESSIVE;
				CLANG_WARN_UNREACHABLE_CODE = YES;
				CLANG_WARN__DUPLICATE_METHOD_MATCH = YES;
				CODE_SIGN_IDENTITY = "-";
				COPY_PHASE_STRIP = NO;
				DEAD_CODE_STRIPPING = YES;
				DEBUG_INFORMATION_FORMAT = "dwarf-with-dsym";
				ENABLE_NS_ASSERTIONS = NO;
				ENABLE_STRICT_OBJC_MSGSEND = YES;
				ENABLE_USER_SCRIPT_SANDBOXING = YES;
				GCC_NO_COMMON_BLOCKS = YES;
				GCC_REUSE_STRINGS = NO;
				GCC_WARN_64_TO_32_BIT_CONVERSION = YES;
				GCC_WARN_ABOUT_RETURN_TYPE = YES_ERROR;
				GCC_WARN_UNDECLARED_SELECTOR = YES;
				GCC_WARN_UNINITIALIZED_AUTOS = YES_AGGRESSIVE;
				GCC_WARN_UNUSED_FUNCTION = YES;
				GCC_WARN_UNUSED_VARIABLE = YES;
				MTL_ENABLE_DEBUG_INFO = NO;
				SDKROOT = macosx;
			};
			name = Release;
		};
		F8A7D3491F7BF35300610920 /* Debug */ = {
			isa = XCBuildConfiguration;
			buildSettings = {
				ASSETCATALOG_COMPILER_APPICON_NAME = AppIcon;
				CODE_SIGN_ENTITLEMENTS = MIDIMaze/Resources/MIDIMaze.entitlements;
				CODE_SIGN_STYLE = Automatic;
				COMBINE_HIDPI_IMAGES = YES;
				DEAD_CODE_STRIPPING = YES;
				HEADER_SEARCH_PATHS = gui/common;
				INFOPLIST_FILE = MIDIMaze/Resources/Info.plist;
				LD_RUNPATH_SEARCH_PATHS = (
					"$(inherited)",
					"@executable_path/../Frameworks",
				);
				MACOSX_DEPLOYMENT_TARGET = 11.0;
				PRODUCT_BUNDLE_IDENTIFIER = com.sarnau.MIDIMaze;
				PRODUCT_NAME = "$(TARGET_NAME)";
			};
			name = Debug;
		};
		F8A7D34A1F7BF35300610920 /* Release */ = {
			isa = XCBuildConfiguration;
			buildSettings = {
				ASSETCATALOG_COMPILER_APPICON_NAME = AppIcon;
				CODE_SIGN_ENTITLEMENTS = MIDIMaze/Resources/MIDIMaze.entitlements;
				CODE_SIGN_STYLE = Automatic;
				COMBINE_HIDPI_IMAGES = YES;
				DEAD_CODE_STRIPPING = YES;
				HEADER_SEARCH_PATHS = gui/common;
				INFOPLIST_FILE = MIDIMaze/Resources/Info.plist;
				LD_RUNPATH_SEARCH_PATHS = (
					"$(inherited)",
					"@executable_path/../Frameworks",
				);
				MACOSX_DEPLOYMENT_TARGET = 11.0;
				PRODUCT_BUNDLE_IDENTIFIER = com.sarnau.MIDIMaze;
				PRODUCT_NAME = "$(TARGET_NAME)";
			};
			name = Release;
		};
/* End XCBuildConfiguration section */

/* Begin XCConfigurationList section */
		F8A7D31C1F7BF35300610920 /* Build configuration list for PBXProject "MIDIMaze" */ = {
			isa = XCConfigurationList;
			buildConfigurations = (
				F8A7D3461F7BF35300610920 /* Debug */,
				F8A7D3471F7BF35300610920 /* Release */,
			);
			defaultConfigurationIsVisible = 0;
			defaultConfigurationName = Release;
		};
		F8A7D3481F7BF35300610920 /* Build configuration list for PBXNativeTarget "MIDIMaze" */ = {
			isa = XCConfigurationList;
			buildConfigurations = (
				F8A7D3491F7BF35300610920 /* Debug */,
				F8A7D34A1F7BF35300610920 /* Release */,
			);
			defaultConfigurationIsVisible = 0;
			defaultConfigurationName = Release;
		};
/* End XCConfigurationList section */
	};
	rootObject = F8A7D3191F7BF35300610920 /* Project object */;
}
