// !$*UTF8*$!
{
	archiveVersion = 1;
	classes = {
	};
	objectVersion = 54;
	objects = {

/* Begin PBXBuildFile section */
		F803446B1F8B88DF00111DE5 /* BIG.MAZ in Resources */ = {isa = PBXBuildFile; fileRef = F80344611F8B88D900111DE5 /* BIG.MAZ */; };
		F803446C1F8B88DF00111DE5 /* BIGGER.MAZ in Resources */ = {isa = PBXBuildFile; fileRef = F80344621F8B88D900111DE5 /* BIGGER.MAZ */; };
		F803446D1F8B88DF00111DE5 /* BIGWEIRD.MAZ in Resources */ = {isa = PBXBuildFile; fileRef = F80344631F8B88D900111DE5 /* BIGWEIRD.MAZ */; };
		F803446E1F8B88DF00111DE5 /* BATTLE24.MAZ in Resources */ = {isa = PBXBuildFile; fileRef = F80344641F8B88D900111DE5 /* BATTLE24.MAZ */; };
		F803446F1F8B88DF00111DE5 /* FACEDMED.MAZ in Resources */ = {isa = PBXBuildFile; fileRef = F80344651F8B88D900111DE5 /* FACEDMED.MAZ */; };
		F80344701F8B88DF00111DE5 /* HUDSON.MAZ in Resources */ = {isa = PBXBuildFile; fileRef = F80344661F8B88D900111DE5 /* HUDSON.MAZ */; };
		F80344711F8B88DF00111DE5 /* BIGWIERD.MAZ in Resources */ = {isa = PBXBuildFile; fileRef = F80344671F8B88D900111DE5 /* BIGWIERD.MAZ */; };
		F80344721F8B88DF00111DE5 /* MEDDUEL2.MAZ in Resources */ = {isa = PBXBuildFile; fileRef = F80344681F8B88D900111DE5 /* MEDDUEL2.MAZ */; };
		F80344731F8B88DF00111DE5 /* BIGSTART.MAZ in Resources */ = {isa = PBXBuildFile; fileRef = F80344691F8B88D900111DE5 /* BIGSTART.MAZ */; };
		F80344741F8B88DF00111DE5 /* MEDDUEL.MAZ in Resources */ = {isa = PBXBuildFile; fileRef = F803446A1F8B88D900111DE5 /* MEDDUEL.MAZ */; };
		F8182F992DC921B80071171C /* noteboard.c in Sources */ = {isa = PBXBuildFile; fileRef = F8182F8A2DC921B80071171C /* noteboard.c */; };
		F8182F9A2DC921B80071171C /* prefdialog.c in Sources */ = {isa = PBXBuildFile; fileRef = F8182F8C2DC921B80071171C /* prefdialog.c */; };
		F8182F9B2DC921B80071171C /* midicam.c in Sources */ = {isa = PBXBuildFile; fileRef = F8182F862DC921B80071171C /* midicam.c */; };
		F8182F9D2DC921B80071171C /* midicomm.c in Sources */ = {isa = PBXBuildFile; fileRef = F8182F872DC921B80071171C /* midicomm.c */; };
		F8182F9E2DC921B80071171C /* readmidi.c in Sources */ = {isa = PBXBuildFile; fileRef = F8182F8E2DC921B80071171C /* readmidi.c */; };
		F8182F9F2DC921B80071171C /* slave.c in Sources */ = {isa = PBXBuildFile; fileRef = F8182F952DC921B80071171C /* slave.c */; };
		F8182FA02DC921B80071171C /* moreshapes.c in Sources */ = {isa = PBXBuildFile; fileRef = F8182F892DC921B80071171C /* moreshapes.c */; };
		F8182FA12DC921B80071171C /* rnd.c in Sources */ = {isa = PBXBuildFile; fileRef = F8182F8F2DC921B80071171C /* rnd.c */; };
		F8182FA22DC921B80071171C /* string.c in Sources */ = {isa = PBXBuildFile; fileRef = F8182F972DC921B80071171C /* string.c */; };
		F8182FA32DC921B80071171C /* happyindicator.c in Sources */ = {isa = PBXBuildFile; fileRef = F8182F7B2DC921B80071171C /* happyindicator.c */; };
		F8182FA42DC921B80071171C /* drawwalls.c in Sources */ = {isa = PBXBuildFile; fileRef = F8182F752DC921B80071171C /* drawwalls.c */; };
		F8182FA52DC921B80071171C /* load_maze.c in Sources */ = {isa = PBXBuildFile; fileRef = F8182F7D2DC921B80071171C /* load_maze.c */; };
		F8182FA62DC921B80071171C /* make_renderlist.c in Sources */ = {isa = PBXBuildFile; fileRef = F8182F822DC921B80071171C /* make_renderlist.c */; };
		F8182FA72DC921B80071171C /* fastmath.c in Sources */ = {isa = PBXBuildFile; fileRef = F8182F782DC921B80071171C /* fastmath.c */; };
		F8182FA82DC921B80071171C /* gamelogic.c in Sources */ = {isa = PBXBuildFile; fileRef = F8182F792DC921B80071171C /* gamelogic.c */; };
		F8182FA92DC921B80071171C /* master.c in Sources */ = {isa = PBXBuildFile; fileRef = F8182F832DC921B80071171C /* master.c */; };
		F8182FAB2DC921B80071171C /* dispatch.c in Sources */ = {isa = PBXBuildFile; fileRef = F8182F712DC921B80071171C /* dispatch.c */; };
		F8182FAC2DC921B80071171C /* make_drawlist.c in Sources */ = {isa = PBXBuildFile; fileRef = F8182F812DC921B80071171C /* make_drawlist.c */; };
		F8182FAE2DC921B80071171C /* drawshape.c in Sources */ = {isa = PBXBuildFile; fileRef = F8182F742DC921B80071171C /* drawshape.c */; };
		F8182FAF2DC921B80071171C /* endshapes.c in Sources */ = {isa = PBXBuildFile; fileRef = F8182F772DC921B80071171C /* endshapes.c */; };
		F8182FB12DC921B80071171C /* popchart.c in Sources */ = {isa = PBXBuildFile; fileRef = F8182F8B2DC921B80071171C /* popchart.c */; };
		F8182FB22DC921B80071171C /* setup_players.c in Sources */ = {isa = PBXBuildFile; fileRef = F8182F942DC921B80071171C /* setup_players.c */; };
		F8182FB32DC921B80071171C /* sound.c in Sources */ = {isa = PBXBuildFile; fileRef = F8182F962DC921B80071171C /* sound.c */; };
		F8182FB42DC921B80071171C /* aesinit.c in Sources */ = {isa = PBXBuildFile; fileRef = F8182F6F2DC921B80071171C /* aesinit.c */; };
		F8182FB52DC921B80071171C /* draw3d.c in Sources */ = {isa = PBXBuildFile; fileRef = F8182F732DC921B80071171C /* draw3d.c */; };
		F8182FB62DC921B80071171C /* maingame.c in Sources */ = {isa = PBXBuildFile; fileRef = F8182F802DC921B80071171C /* maingame.c */; };
		F8182FB72DC921B80071171C /* rscmisc.c in Sources */ = {isa = PBXBuildFile; fileRef = F8182F902DC921B80071171C /* rscmisc.c */; };
		F8182FB82DC921B80071171C /* maze_object.c in Sources */ = {isa = PBXBuildFile; fileRef = F8182F842DC921B80071171C /* maze_object.c */; };
		F8182FB92DC921B80071171C /* maze_set_obj.c in Sources */ = {isa = PBXBuildFile; fileRef = F8182F852DC921B80071171C /* maze_set_obj.c */; };
		F8182FBA2DC921B80071171C /* draw2d.c in Sources */ = {isa = PBXBuildFile; fileRef = F8182F722DC921B80071171C /* draw2d.c */; };
		F8182FBB2DC921B80071171C /* screen.c in Sources */ = {isa = PBXBuildFile; fileRef = F8182F932DC921B80071171C /* screen.c */; };
		F8182FBC2DC921B80071171C /* rungame.c in Sources */ = {isa = PBXBuildFile; fileRef = F8182F912DC921B80071171C /* rungame.c */; };
		F8182FBD2DC921B80071171C /* drone.c in Sources */ = {isa = PBXBuildFile; fileRef = F8182F762DC921B80071171C /* drone.c */; };
		F8182FBE2DC921B80071171C /* miscoutput.c in Sources */ = {isa = PBXBuildFile; fileRef = F8182F882DC921B80071171C /* miscoutput.c */; };
		F8182FBF2DC921B80071171C /* savescreen.c in Sources */ = {isa = PBXBuildFile; fileRef = F8182F922DC921B80071171C /* savescreen.c */; };
		F8182FD72DC922440071171C /* mac.c in Sources */ = {isa = PBXBuildFile; fileRef = F8182FD52DC922440071171C /* mac.c */; };
		F8182FE52DC924040071171C /* muls_divs.c in Sources */ = {isa = PBXBuildFile; fileRef = F8182FE12DC924040071171C /* muls_divs.c */; };
		F88BF4F62DC9244300AFC152 /* calc_tab.c in Sources */ = {isa = PBXBuildFile; fileRef = F88BF4F52DC9244300AFC152 /* calc_tab.c */; };
		F88BF4F72DC9244300AFC152 /* blit_draw_shape_bw.c in Sources */ = {isa = PBXBuildFile; fileRef = F88BF4F32DC9244300AFC152 /* blit_draw_shape_bw.c */; };
		F88BF4F82DC9244300AFC152 /* blit_draw_shape_col.c in Sources */ = {isa = PBXBuildFile; fileRef = F88BF4F42DC9244300AFC152 /* blit_draw_shape_col.c */; };
		F88BF4FB2DC9246A00AFC152 /* check_copy_prot.c in Sources */ = {isa = PBXBuildFile; fileRef = F88BF4F92DC9246A00AFC152 /* check_copy_prot.c */; };
		F88BF4FC2DC9246A00AFC152 /* decompresstitle.c in Sources */ = {isa = PBXBuildFile; fileRef = F88BF4FA2DC9246A00AFC152 /* decompresstitle.c */; };
		F88BF5002DC9247A00AFC152 /* draw_col.c in Sources */ = {isa = PBXBuildFile; fileRef = F88BF4FE2DC9247A00AFC152 /* draw_col.c */; };
		F88BF5012DC9247A00AFC152 /* draw_bw.c in Sources */ = {isa = PBXBuildFile; fileRef = F88BF4FD2DC9247A00AFC152 /* draw_bw.c */; };
		F8A7D3261F7BF35300610920 /* AppDelegate.mm in Sources */ = {isa = PBXBuildFile; fileRef = F8A7D3251F7BF35300610920 /* AppDelegate.mm */; };
		F8A7D3281F7BF35300610920 /* Assets.xcassets in Resources */ = {isa = PBXBuildFile; fileRef = F8A7D3271F7BF35300610920 /* Assets.xcassets */; };
		F8A7D32B1F7BF35300610920 /* MainMenu.xib in Resources */ = {isa = PBXBuildFile; fileRef = F8A7D3291F7BF35300610920 /* MainMenu.xib */; };
		F8A7D32E1F7BF35300610920 /* main.m in Sources */ = {isa = PBXBuildFile; fileRef = F8A7D32D1F7BF35300610920 /* main.m */; };
		F8B547A71F7CC57B00705C64 /* AtariTOS.mm in Sources */ = {isa = PBXBuildFile; fileRef = F8B547A61F7CC57B00705C64 /* AtariTOS.mm */; };
		F8BC26A01F7D119200315B98 /* MIDIMAZE.D8A in Resources */ = {isa = PBXBuildFile; fileRef = F8BC269F1F7D118F00315B98 /* MIDIMAZE.D8A */; };
		F8BC26A21F7D12C600315B98 /* MIDIMAZE.MAZ in Resources */ = {isa = PBXBuildFile; fileRef = F8BC26A11F7D124900315B98 /* MIDIMAZE.MAZ */; };
		F8E2F7591F80145B00DA1F40 /* MIDIMaze Hit.mp3 in Resources */ = {isa = PBXBuildFile; fileRef = F8E2F7571F80142D00DA1F40 /* MIDIMaze Hit.mp3 */; };
		F8E2F75A1F80145E00DA1F40 /* MIDIMaze Shot.mp3 in Resources */ = {isa = PBXBuildFile; fileRef = F8E2F7581F80142D00DA1F40 /* MIDIMaze Shot.mp3 */; };
/* End PBXBuildFile section */

/* Begin PBXFileReference section */
		F80344611F8B88D900111DE5 /* BIG.MAZ */ = {isa = PBXFileReference; lastKnownFileType = text; path = BIG.MAZ; sourceTree = "<group>"; };
		F80344621F8B88D900111DE5 /* BIGGER.MAZ */ = {isa = PBXFileReference; lastKnownFileType = text; path = BIGGER.MAZ; sourceTree = "<group>"; };
		F80344631F8B88D900111DE5 /* BIGWEIRD.MAZ */ = {isa = PBXFileReference; lastKnownFileType = text; path = BIGWEIRD.MAZ; sourceTree = "<group>"; };
		F80344641F8B88D900111DE5 /* BATTLE24.MAZ */ = {isa = PBXFileReference; lastKnownFileType = text; path = BATTLE24.MAZ; sourceTree = "<group>"; };
		F80344651F8B88D900111DE5 /* FACEDMED.MAZ */ = {isa = PBXFileReference; lastKnownFileType = text; path = FACEDMED.MAZ; sourceTree = "<group>"; };
		F80344661F8B88D900111DE5 /* HUDSON.MAZ */ = {isa = PBXFileReference; lastKnownFileType = text; path = HUDSON.MAZ; sourceTree = "<group>"; };
		F80344671F8B88D900111DE5 /* BIGWIERD.MAZ */ = {isa = PBXFileReference; lastKnownFileType = text; path = BIGWIERD.MAZ; sourceTree = "<group>"; };
		F80344681F8B88D900111DE5 /* MEDDUEL2.MAZ */ = {isa = PBXFileReference; lastKnownFileType = text; path = MEDDUEL2.MAZ; sourceTree = "<group>"; };
		F80344691F8B88D900111DE5 /* BIGSTART.MAZ */ = {isa = PBXFileReference; lastKnownFileType = text; path = BIGSTART.MAZ; sourceTree = "<group>"; };
		F803446A1F8B88D900111DE5 /* MEDDUEL.MAZ */ = {isa = PBXFileReference; lastKnownFileType = text; path = MEDDUEL.MAZ; sourceTree = "<group>"; };
		F8182F6F2DC921B80071171C /* aesinit.c */ = {isa = PBXFileReference; lastKnownFileType = sourcecode.c.c; path = aesinit.c; sourceTree = "<group>"; };
		F8182F702DC921B80071171C /* conterm.c */ = {isa = PBXFileReference; lastKnownFileType = sourcecode.c.c; path = conterm.c; sourceTree = "<group>"; };
		F8182F712DC921B80071171C /* dispatch.c */ = {isa = PBXFileReference; lastKnownFileType = sourcecode.c.c; path = dispatch.c; sourceTree = "<group>"; };
		F8182F722DC921B80071171C /* draw2d.c */ = {isa = PBXFileReference; lastKnownFileType = sourcecode.c.c; path = draw2d.c; sourceTree = "<group>"; };
		F8182F732DC921B80071171C /* draw3d.c */ = {isa = PBXFileReference; lastKnownFileType = sourcecode.c.c; path = draw3d.c; sourceTree = "<group>"; };
		F8182F742DC921B80071171C /* drawshape.c */ = {isa = PBXFileReference; lastKnownFileType = sourcecode.c.c; path = drawshape.c; sourceTree = "<group>"; };
		F8182F752DC921B80071171C /* drawwalls.c */ = {isa = PBXFileReference; lastKnownFileType = sourcecode.c.c; path = drawwalls.c; sourceTree = "<group>"; };
		F8182F762DC921B80071171C /* drone.c */ = {isa = PBXFileReference; lastKnownFileType = sourcecode.c.c; path = drone.c; sourceTree = "<group>"; };
		F8182F772DC921B80071171C /* endshapes.c */ = {isa = PBXFileReference; lastKnownFileType = sourcecode.c.c; path = endshapes.c; sourceTree = "<group>"; };
		F8182F782DC921B80071171C /* fastmath.c */ = {isa = PBXFileReference; lastKnownFileType = sourcecode.c.c; path = fastmath.c; sourceTree = "<group>"; };
		F8182F792DC921B80071171C /* gamelogic.c */ = {isa = PBXFileReference; lastKnownFileType = sourcecode.c.c; path = gamelogic.c; sourceTree = "<group>"; };
		F8182F7A2DC921B80071171C /* globals.h */ = {isa = PBXFileReference; lastKnownFileType = sourcecode.c.h; path = globals.h; sourceTree = "<group>"; };
		F8182F7B2DC921B80071171C /* happyindicator.c */ = {isa = PBXFileReference; lastKnownFileType = sourcecode.c.c; path = happyindicator.c; sourceTree = "<group>"; };
		F8182F7C2DC921B80071171C /* joystickmouse.c */ = {isa = PBXFileReference; lastKnownFileType = sourcecode.c.c; path = joystickmouse.c; sourceTree = "<group>"; };
		F8182F7D2DC921B80071171C /* load_maze.c */ = {isa = PBXFileReference; lastKnownFileType = sourcecode.c.c; path = load_maze.c; sourceTree = "<group>"; };
		F8182F7E2DC921B80071171C /* lowmem.c */ = {isa = PBXFileReference; lastKnownFileType = sourcecode.c.c; path = lowmem.c; sourceTree = "<group>"; };
		F8182F7F2DC921B80071171C /* main.c */ = {isa = PBXFileReference; lastKnownFileType = sourcecode.c.c; path = main.c; sourceTree = "<group>"; };
		F8182F802DC921B80071171C /* maingame.c */ = {isa = PBXFileReference; lastKnownFileType = sourcecode.c.c; path = maingame.c; sourceTree = "<group>"; };
		F8182F812DC921B80071171C /* make_drawlist.c */ = {isa = PBXFileReference; lastKnownFileType = sourcecode.c.c; path = make_drawlist.c; sourceTree = "<group>"; };
		F8182F822DC921B80071171C /* make_renderlist.c */ = {isa = PBXFileReference; lastKnownFileType = sourcecode.c.c; path = make_renderlist.c; sourceTree = "<group>"; };
		F8182F832DC921B80071171C /* master.c */ = {isa = PBXFileReference; lastKnownFileType = sourcecode.c.c; path = master.c; sourceTree = "<group>"; };
		F8182F842DC921B80071171C /* maze_object.c */ = {isa = PBXFileReference; lastKnownFileType = sourcecode.c.c; path = maze_object.c; sourceTree = "<group>"; };
		F8182F852DC921B80071171C /* maze_set_obj.c */ = {isa = PBXFileReference; lastKnownFileType = sourcecode.c.c; path = maze_set_obj.c; sourceTree = "<group>"; };
		F8182F862DC921B80071171C /* midicam.c */ = {isa = PBXFileReference; lastKnownFileType = sourcecode.c.c; path = midicam.c; sourceTree = "<group>"; };
		F8182F872DC921B80071171C /* midicomm.c */ = {isa = PBXFileReference; lastKnownFileType = sourcecode.c.c; path = midicomm.c; sourceTree = "<group>"; };
		F8182F882DC921B80071171C /* miscoutput.c */ = {isa = PBXFileReference; lastKnownFileType = sourcecode.c.c; path = miscoutput.c; sourceTree = "<group>"; };
		F8182F892DC921B80071171C /* moreshapes.c */ = {isa = PBXFileReference; lastKnownFileType = sourcecode.c.c; path = moreshapes.c; sourceTree = "<group>"; };
		F8182F8A2DC921B80071171C /* noteboard.c */ = {isa = PBXFileReference; lastKnownFileType = sourcecode.c.c; path = noteboard.c; sourceTree = "<group>"; };
		F8182F8B2DC921B80071171C /* popchart.c */ = {isa = PBXFileReference; lastKnownFileType = sourcecode.c.c; path = popchart.c; sourceTree = "<group>"; };
		F8182F8C2DC921B80071171C /* prefdialog.c */ = {isa = PBXFileReference; lastKnownFileType = sourcecode.c.c; path = prefdialog.c; sourceTree = "<group>"; };
		F8182F8D2DC921B80071171C /* readme.md */ = {isa = PBXFileReference; lastKnownFileType = net.daringfireball.markdown; path = readme.md; sourceTree = "<group>"; };
		F8182F8E2DC921B80071171C /* readmidi.c */ = {isa = PBXFileReference; lastKnownFileType = sourcecode.c.c; path = readmidi.c; sourceTree = "<group>"; };
		F8182F8F2DC921B80071171C /* rnd.c */ = {isa = PBXFileReference; lastKnownFileType = sourcecode.c.c; path = rnd.c; sourceTree = "<group>"; };
		F8182F902DC921B80071171C /* rscmisc.c */ = {isa = PBXFileReference; lastKnownFileType = sourcecode.c.c; path = rscmisc.c; sourceTree = "<group>"; };
		F8182F912DC921B80071171C /* rungame.c */ = {isa = PBXFileReference; lastKnownFileType = sourcecode.c.c; path = rungame.c; sourceTree = "<group>"; };
		F8182F922DC921B80071171C /* savescreen.c */ = {isa = PBXFileReference; lastKnownFileType = sourcecode.c.c; path = savescreen.c; sourceTree = "<group>"; };
		F8182F932DC921B80071171C /* screen.c */ = {isa = PBXFileReference; lastKnownFileType = sourcecode.c.c; path = screen.c; sourceTree = "<group>"; };
		F8182F942DC921B80071171C /* setup_players.c */ = {isa = PBXFileReference; lastKnownFileType = sourcecode.c.c; path = setup_players.c; sourceTree = "<group>"; };
		F8182F952DC921B80071171C /* slave.c */ = {isa = PBXFileReference; lastKnownFileType = sourcecode.c.c; path = slave.c; sourceTree = "<group>"; };
		F8182F962DC921B80071171C /* sound.c */ = {isa = PBXFileReference; lastKnownFileType = sourcecode.c.c; path = sound.c; sourceTree = "<group>"; };
		F8182F972DC921B80071171C /* string.c */ = {isa = PBXFileReference; lastKnownFileType = sourcecode.c.c; path = string.c; sourceTree = "<group>"; };
		F8182FD42DC922440071171C /* bitmacro.h */ = {isa = PBXFileReference; lastKnownFileType = sourcecode.c.h; path = bitmacro.h; sourceTree = "<group>"; };
		F8182FD52DC922440071171C /* mac.c */ = {isa = PBXFileReference; lastKnownFileType = sourcecode.c.c; path = mac.c; sourceTree = "<group>"; };
		F8182FD62DC922440071171C /* portab.h */ = {isa = PBXFileReference; lastKnownFileType = sourcecode.c.h; path = portab.h; sourceTree = "<group>"; };
		F8182FDA2DC924040071171C /* calc_tab.h */ = {isa = PBXFileReference; lastKnownFileType = sourcecode.c.h; path = calc_tab.h; sourceTree = "<group>"; };
		F8182FDE2DC924040071171C /* delay.s */ = {isa = PBXFileReference; lastKnownFileType = sourcecode.asm; path = delay.s; sourceTree = "<group>"; };
		F8182FE12DC924040071171C /* muls_divs.c */ = {isa = PBXFileReference; lastKnownFileType = sourcecode.c.c; path = muls_divs.c; sourceTree = "<group>"; };
		F8182FE22DC924040071171C /* readme.md */ = {isa = PBXFileReference; lastKnownFileType = net.daringfireball.markdown; path = readme.md; sourceTree = "<group>"; };
		F846C0EC1F9D3BA400D69024 /* D8AFileFormat.md */ = {isa = PBXFileReference; lastKnownFileType = net.daringfireball.markdown; path = D8AFileFormat.md; sourceTree = "<group>"; };
		F846C0ED1F9D3BA500D69024 /* MIDImazeEngineOverview.md */ = {isa = PBXFileReference; lastKnownFileType = net.daringfireball.markdown; path = MIDImazeEngineOverview.md; sourceTree = "<group>"; };
		F846C0EE1F9D3BA500D69024 /* AtariScreenBitmap.md */ = {isa = PBXFileReference; lastKnownFileType = net.daringfireball.markdown; path = AtariScreenBitmap.md; sourceTree = "<group>"; };
		F85AB60C1F9D441800FA4167 /* MIDICommunication.md */ = {isa = PBXFileReference; lastKnownFileType = net.daringfireball.markdown; path = MIDICommunication.md; sourceTree = "<group>"; };
		F86C73261F9A164C003DCC15 /* README.md */ = {isa = PBXFileReference; lastKnownFileType = net.daringfireball.markdown; path = README.md; sourceTree = "<group>"; };
		F879F4B11F9FDD67003CF63F /* CompressedTitle.md */ = {isa = PBXFileReference; lastKnownFileType = net.daringfireball.markdown; path = CompressedTitle.md; sourceTree = "<group>"; };
		F888771C1F7E34E90027D68B /* MIDIMAZE.PRG */ = {isa = PBXFileReference; lastKnownFileType = file; path = MIDIMAZE.PRG; sourceTree = "<group>"; };
		F888771D1F7E34E90027D68B /* MIDIMAZE.TXT */ = {isa = PBXFileReference; lastKnownFileType = text; path = MIDIMAZE.TXT; sourceTree = "<group>"; };
		F88BF4F32DC9244300AFC152 /* blit_draw_shape_bw.c */ = {isa = PBXFileReference; lastKnownFileType = sourcecode.c.c; path = blit_draw_shape_bw.c; sourceTree = "<group>"; };
		F88BF4F42DC9244300AFC152 /* blit_draw_shape_col.c */ = {isa = PBXFileReference; lastKnownFileType = sourcecode.c.c; path = blit_draw_shape_col.c; sourceTree = "<group>"; };
		F88BF4F52DC9244300AFC152 /* calc_tab.c */ = {isa = PBXFileReference; lastKnownFileType = sourcecode.c.c; path = calc_tab.c; sourceTree = "<group>"; };
		F88BF4F92DC9246A00AFC152 /* check_copy_prot.c */ = {isa = PBXFileReference; lastKnownFileType = sourcecode.c.c; path = check_copy_prot.c; sourceTree = "<group>"; };
		F88BF4FA2DC9246A00AFC152 /* decompresstitle.c */ = {isa = PBXFileReference; lastKnownFileType = sourcecode.c.c; path = decompresstitle.c; sourceTree = "<group>"; };
		F88BF4FD2DC9247A00AFC152 /* draw_bw.c */ = {isa = PBXFileReference; lastKnownFileType = sourcecode.c.c; path = draw_bw.c; sourceTree = "<group>"; };
		F88BF4FE2DC9247A00AFC152 /* draw_col.c */ = {isa = PBXFileReference; lastKnownFileType = sourcecode.c.c; path = draw_col.c; sourceTree = "<group>"; };
		F8A7D3211F7BF35300610920 /* MIDIMaze.app */ = {isa = PBXFileReference; explicitFileType = wrapper.application; includeInIndex = 0; path = MIDIMaze.app; sourceTree = BUILT_PRODUCTS_DIR; };
		F8A7D3241F7BF35300610920 /* AppDelegate.h */ = {isa = PBXFileReference; lastKnownFileType = sourcecode.c.h; path = AppDelegate.h; sourceTree = "<group>"; };
		F8A7D3251F7BF35300610920 /* AppDelegate.mm */ = {isa = PBXFileReference; lastKnownFileType = sourcecode.cpp.objcpp; path = AppDelegate.mm; sourceTree = "<group>"; };
		F8A7D3271F7BF35300610920 /* Assets.xcassets */ = {isa = PBXFileReference; lastKnownFileType = folder.assetcatalog; path = Assets.xcassets; sourceTree = "<group>"; };
		F8A7D32A1F7BF35300610920 /* Base */ = {isa = PBXFileReference; lastKnownFileType = file.xib; name = Base; path = Base.lproj/MainMenu.xib; sourceTree = "<group>"; };
		F8A7D32C1F7BF35300610920 /* Info.plist */ = {isa = PBXFileReference; lastKnownFileType = text.plist.xml; path = Info.plist; sourceTree = "<group>"; };
		F8A7D32D1F7BF35300610920 /* main.m */ = {isa = PBXFileReference; lastKnownFileType = sourcecode.c.objc; path = main.m; sourceTree = "<group>"; };
		F8A7D32F1F7BF35300610920 /* MIDIMaze.entitlements */ = {isa = PBXFileReference; lastKnownFileType = text.plist.entitlements; path = MIDIMaze.entitlements; sourceTree = "<group>"; };
		F8B547A61F7CC57B00705C64 /* AtariTOS.mm */ = {isa = PBXFileReference; lastKnownFileType = sourcecode.cpp.objcpp; path = AtariTOS.mm; sourceTree = "<group>"; };
		F8BC269F1F7D118F00315B98 /* MIDIMAZE.D8A */ = {isa = PBXFileReference; lastKnownFileType = file; name = MIDIMAZE.D8A; path = MIDIMazeDisc/MIDIMAZE.D8A; sourceTree = SOURCE_ROOT; };
		F8BC26A11F7D124900315B98 /* MIDIMAZE.MAZ */ = {isa = PBXFileReference; lastKnownFileType = text; name = MIDIMAZE.MAZ; path = MIDIMazeDisc/MIDIMAZE.MAZ; sourceTree = SOURCE_ROOT; };
		F8E2F7571F80142D00DA1F40 /* MIDIMaze Hit.mp3 */ = {isa = PBXFileReference; lastKnownFileType = audio.mp3; name = "MIDIMaze Hit.mp3"; path = "MIDIMAZE2/MIDIMaze Hit.mp3"; sourceTree = SOURCE_ROOT; };
		F8E2F7581F80142D00DA1F40 /* MIDIMaze Shot.mp3 */ = {isa = PBXFileReference; lastKnownFileType = audio.mp3; name = "MIDIMaze Shot.mp3"; path = "MIDIMAZE2/MIDIMaze Shot.mp3"; sourceTree = SOURCE_ROOT; };
		F8F081081F82B18C0091699C /* MM2MazeIcon.icns */ = {isa = PBXFileReference; lastKnownFileType = image.icns; path = MM2MazeIcon.icns; sourceTree = "<group>"; };
		F8F395371F837F98004EB25C /* AtariST8x8.c */ = {isa = PBXFileReference; lastKnownFileType = sourcecode.c.c; path = AtariST8x8.c; sourceTree = "<group>"; };
		F8F395381F837F98004EB25C /* AtariST8x16.c */ = {isa = PBXFileReference; lastKnownFileType = sourcecode.c.c; path = AtariST8x16.c; sourceTree = "<group>"; };
/* End PBXFileReference section */

/* Begin PBXFrameworksBuildPhase section */
		F8A7D31E1F7BF35300610920 /* Frameworks */ = {
			isa = PBXFrameworksBuildPhase;
			buildActionMask = 2147483647;
			files = (
			);
			runOnlyForDeploymentPostprocessing = 0;
		};
/* End PBXFrameworksBuildPhase section */

/* Begin PBXGroup section */
		F80344601F8B88D900111DE5 /* MAZES */ = {
			isa = PBXGroup;
			children = (
				F80344611F8B88D900111DE5 /* BIG.MAZ */,
				F80344621F8B88D900111DE5 /* BIGGER.MAZ */,
				F80344631F8B88D900111DE5 /* BIGWEIRD.MAZ */,
				F80344641F8B88D900111DE5 /* BATTLE24.MAZ */,
				F80344651F8B88D900111DE5 /* FACEDMED.MAZ */,
				F80344661F8B88D900111DE5 /* HUDSON.MAZ */,
				F80344671F8B88D900111DE5 /* BIGWIERD.MAZ */,
				F80344681F8B88D900111DE5 /* MEDDUEL2.MAZ */,
				F80344691F8B88D900111DE5 /* BIGSTART.MAZ */,
				F803446A1F8B88D900111DE5 /* MEDDUEL.MAZ */,
			);
			path = MAZES;
			sourceTree = "<group>";
		};
		F86C73231F9A164C003DCC15 /* README */ = {
			isa = PBXGroup;
			children = (
				F846C0EE1F9D3BA500D69024 /* AtariScreenBitmap.md */,
				F879F4B11F9FDD67003CF63F /* CompressedTitle.md */,
				F846C0EC1F9D3BA400D69024 /* D8AFileFormat.md */,
				F85AB60C1F9D441800FA4167 /* MIDICommunication.md */,
				F846C0ED1F9D3BA500D69024 /* MIDImazeEngineOverview.md */,
			);
			path = README;
			sourceTree = "<group>";
		};
		F88877021F7D54280027D68B /* Helper Sources */ = {
			isa = PBXGroup;
			children = (
				F8182FD42DC922440071171C /* bitmacro.h */,
				F8182FD52DC922440071171C /* mac.c */,
				F8182FD62DC922440071171C /* portab.h */,
				F8B547A61F7CC57B00705C64 /* AtariTOS.mm */,
				F8F395371F837F98004EB25C /* AtariST8x8.c */,
				F8F395381F837F98004EB25C /* AtariST8x16.c */,
			);
			path = "Helper Sources";
			sourceTree = "<group>";
		};
		F88877061F7E30000027D68B /* ASOURCES */ = {
			isa = PBXGroup;
			children = (
				F8182FE22DC924040071171C /* readme.md */,
				F88BF4F32DC9244300AFC152 /* blit_draw_shape_bw.c */,
				F88BF4F42DC9244300AFC152 /* blit_draw_shape_col.c */,
				F88BF4F52DC9244300AFC152 /* calc_tab.c */,
				F8182FDA2DC924040071171C /* calc_tab.h */,
				F88BF4F92DC9246A00AFC152 /* check_copy_prot.c */,
				F88BF4FA2DC9246A00AFC152 /* decompresstitle.c */,
				F8182FDE2DC924040071171C /* delay.s */,
				F88BF4FD2DC9247A00AFC152 /* draw_bw.c */,
				F88BF4FE2DC9247A00AFC152 /* draw_col.c */,
				F8182FE12DC924040071171C /* muls_divs.c */,
			);
			path = ASOURCES;
			sourceTree = SOURCE_ROOT;
		};
		F88877181F7E33B80027D68B /* Resources */ = {
			isa = PBXGroup;
			children = (
				F8F081081F82B18C0091699C /* MM2MazeIcon.icns */,
				F8A7D32F1F7BF35300610920 /* MIDIMaze.entitlements */,
				F8A7D3271F7BF35300610920 /* Assets.xcassets */,
				F8A7D3291F7BF35300610920 /* MainMenu.xib */,
				F8E2F7571F80142D00DA1F40 /* MIDIMaze Hit.mp3 */,
				F8E2F7581F80142D00DA1F40 /* MIDIMaze Shot.mp3 */,
				F8A7D32C1F7BF35300610920 /* Info.plist */,
			);
			path = Resources;
			sourceTree = "<group>";
		};
		F88877191F7E34840027D68B /* MIDIMazeDisc */ = {
			isa = PBXGroup;
			children = (
				F80344601F8B88D900111DE5 /* MAZES */,
				F8BC269F1F7D118F00315B98 /* MIDIMAZE.D8A */,
				F8BC26A11F7D124900315B98 /* MIDIMAZE.MAZ */,
				F888771C1F7E34E90027D68B /* MIDIMAZE.PRG */,
				F888771D1F7E34E90027D68B /* MIDIMAZE.TXT */,
			);
			path = MIDIMazeDisc;
			sourceTree = "<group>";
		};
		F8A7D3181F7BF35300610920 = {
			isa = PBXGroup;
			children = (
				F86C73231F9A164C003DCC15 /* README */,
				F86C73261F9A164C003DCC15 /* README.md */,
				F88877191F7E34840027D68B /* MIDIMazeDisc */,
				F8A7D3231F7BF35300610920 /* MIDIMaze */,
				F8A7D3221F7BF35300610920 /* Products */,
			);
			sourceTree = "<group>";
		};
		F8A7D3221F7BF35300610920 /* Products */ = {
			isa = PBXGroup;
			children = (
				F8A7D3211F7BF35300610920 /* MIDIMaze.app */,
			);
			name = Products;
			sourceTree = "<group>";
		};
		F8A7D3231F7BF35300610920 /* MIDIMaze */ = {
			isa = PBXGroup;
			children = (
				F8A7D32D1F7BF35300610920 /* main.m */,
				F8A7D3241F7BF35300610920 /* AppDelegate.h */,
				F8A7D3251F7BF35300610920 /* AppDelegate.mm */,
				F88877021F7D54280027D68B /* Helper Sources */,
				F88877061F7E30000027D68B /* ASOURCES */,
				F8A7D3521F7BF3A800610920 /* SOURCES */,
				F88877181F7E33B80027D68B /* Resources */,
			);
			path = MIDIMaze;
			sourceTree = "<group>";
		};
		F8A7D3521F7BF3A800610920 /* SOURCES */ = {
			isa = PBXGroup;
			children = (
				F8182F8D2DC921B80071171C /* readme.md */,
				F8182F6F2DC921B80071171C /* aesinit.c */,
				F8182F702DC921B80071171C /* conterm.c */,
				F8182F712DC921B80071171C /* dispatch.c */,
				F8182F722DC921B80071171C /* draw2d.c */,
				F8182F732DC921B80071171C /* draw3d.c */,
				F8182F742DC921B80071171C /* drawshape.c */,
				F8182F752DC921B80071171C /* drawwalls.c */,
				F8182F762DC921B80071171C /* drone.c */,
				F8182F772DC921B80071171C /* endshapes.c */,
				F8182F782DC921B80071171C /* fastmath.c */,
				F8182F792DC921B80071171C /* gamelogic.c */,
				F8182F7A2DC921B80071171C /* globals.h */,
				F8182F7B2DC921B80071171C /* happyindicator.c */,
				F8182F7C2DC921B80071171C /* joystickmouse.c */,
				F8182F7D2DC921B80071171C /* load_maze.c */,
				F8182F7E2DC921B80071171C /* lowmem.c */,
				F8182F7F2DC921B80071171C /* main.c */,
				F8182F802DC921B80071171C /* maingame.c */,
				F8182F812DC921B80071171C /* make_drawlist.c */,
				F8182F822DC921B80071171C /* make_renderlist.c */,
				F8182F832DC921B80071171C /* master.c */,
				F8182F842DC921B80071171C /* maze_object.c */,
				F8182F852DC921B80071171C /* maze_set_obj.c */,
				F8182F862DC921B80071171C /* midicam.c */,
				F8182F872DC921B80071171C /* midicomm.c */,
				F8182F882DC921B80071171C /* miscoutput.c */,
				F8182F892DC921B80071171C /* moreshapes.c */,
				F8182F8A2DC921B80071171C /* noteboard.c */,
				F8182F8B2DC921B80071171C /* popchart.c */,
				F8182F8C2DC921B80071171C /* prefdialog.c */,
				F8182F8E2DC921B80071171C /* readmidi.c */,
				F8182F8F2DC921B80071171C /* rnd.c */,
				F8182F902DC921B80071171C /* rscmisc.c */,
				F8182F912DC921B80071171C /* rungame.c */,
				F8182F922DC921B80071171C /* savescreen.c */,
				F8182F932DC921B80071171C /* screen.c */,
				F8182F942DC921B80071171C /* setup_players.c */,
				F8182F952DC921B80071171C /* slave.c */,
				F8182F962DC921B80071171C /* sound.c */,
				F8182F972DC921B80071171C /* string.c */,
			);
			path = SOURCES;
			sourceTree = SOURCE_ROOT;
		};
/* End PBXGroup section */

/* Begin PBXNativeTarget section */
		F8A7D3201F7BF35300610920 /* MIDIMaze */ = {
			isa = PBXNativeTarget;
			buildConfigurationList = F8A7D3481F7BF35300610920 /* Build configuration list for PBXNativeTarget "MIDIMaze" */;
			buildPhases = (
				F8A7D31D1F7BF35300610920 /* Sources */,
				F8A7D31E1F7BF35300610920 /* Frameworks */,
				F8A7D31F1F7BF35300610920 /* Resources */,
			);
			buildRules = (
			);
			dependencies = (
			);
			name = MIDIMaze;
			productName = MIDIMaze;
			productReference = F8A7D3211F7BF35300610920 /* MIDIMaze.app */;
			productType = "com.apple.product-type.application";
		};
/* End PBXNativeTarget section */

/* Begin PBXProject section */
		F8A7D3191F7BF35300610920 /* Project object */ = {
			isa = PBXProject;
			attributes = {
				BuildIndependentTargetsInParallel = YES;
				LastUpgradeCheck = 1630;
				ORGANIZATIONNAME = "Markus Fritze";
				TargetAttributes = {
					F8A7D3201F7BF35300610920 = {
						CreatedOnToolsVersion = 9.0;
						ProvisioningStyle = Automatic;
					};
				};
			};
			buildConfigurationList = F8A7D31C1F7BF35300610920 /* Build configuration list for PBXProject "MIDIMaze" */;
			compatibilityVersion = "Xcode 8.0";
			developmentRegion = en;
			hasScannedForEncodings = 0;
			knownRegions = (
				en,
				Base,
			);
			mainGroup = F8A7D3181F7BF35300610920;
			productRefGroup = F8A7D3221F7BF35300610920 /* Products */;
			projectDirPath = "";
			projectRoot = "";
			targets = (
				F8A7D3201F7BF35300610920 /* MIDIMaze */,
			);
		};
/* End PBXProject section */

/* Begin PBXResourcesBuildPhase section */
		F8A7D31F1F7BF35300610920 /* Resources */ = {
			isa = PBXResourcesBuildPhase;
			buildActionMask = 2147483647;
			files = (
				F803446F1F8B88DF00111DE5 /* FACEDMED.MAZ in Resources */,
				F80344741F8B88DF00111DE5 /* MEDDUEL.MAZ in Resources */,
				F803446C1F8B88DF00111DE5 /* BIGGER.MAZ in Resources */,
				F80344731F8B88DF00111DE5 /* BIGSTART.MAZ in Resources */,
				F8BC26A01F7D119200315B98 /* MIDIMAZE.D8A in Resources */,
				F803446B1F8B88DF00111DE5 /* BIG.MAZ in Resources */,
				F8A7D3281F7BF35300610920 /* Assets.xcassets in Resources */,
				F80344701F8B88DF00111DE5 /* HUDSON.MAZ in Resources */,
				F8BC26A21F7D12C600315B98 /* MIDIMAZE.MAZ in Resources */,
				F803446D1F8B88DF00111DE5 /* BIGWEIRD.MAZ in Resources */,
				F80344721F8B88DF00111DE5 /* MEDDUEL2.MAZ in Resources */,
				F803446E1F8B88DF00111DE5 /* BATTLE24.MAZ in Resources */,
				F8E2F75A1F80145E00DA1F40 /* MIDIMaze Shot.mp3 in Resources */,
				F80344711F8B88DF00111DE5 /* BIGWIERD.MAZ in Resources */,
				F8A7D32B1F7BF35300610920 /* MainMenu.xib in Resources */,
				F8E2F7591F80145B00DA1F40 /* MIDIMaze Hit.mp3 in Resources */,
			);
			runOnlyForDeploymentPostprocessing = 0;
		};
/* End PBXResourcesBuildPhase section */

/* Begin PBXSourcesBuildPhase section */
		F8A7D31D1F7BF35300610920 /* Sources */ = {
			isa = PBXSourcesBuildPhase;
			buildActionMask = 2147483647;
			files = (
				F8182F992DC921B80071171C /* noteboard.c in Sources */,
				F8182F9A2DC921B80071171C /* prefdialog.c in Sources */,
				F8182F9B2DC921B80071171C /* midicam.c in Sources */,
				F8182F9D2DC921B80071171C /* midicomm.c in Sources */,
				F8182F9E2DC921B80071171C /* readmidi.c in Sources */,
				F8182F9F2DC921B80071171C /* slave.c in Sources */,
				F8182FA02DC921B80071171C /* moreshapes.c in Sources */,
				F8182FA12DC921B80071171C /* rnd.c in Sources */,
				F8182FA22DC921B80071171C /* string.c in Sources */,
				F8182FA32DC921B80071171C /* happyindicator.c in Sources */,
				F8182FA42DC921B80071171C /* drawwalls.c in Sources */,
				F8182FA52DC921B80071171C /* load_maze.c in Sources */,
				F8182FA62DC921B80071171C /* make_renderlist.c in Sources */,
				F8182FA72DC921B80071171C /* fastmath.c in Sources */,
				F8182FA82DC921B80071171C /* gamelogic.c in Sources */,
				F88BF5002DC9247A00AFC152 /* draw_col.c in Sources */,
				F88BF5012DC9247A00AFC152 /* draw_bw.c in Sources */,
				F8182FA92DC921B80071171C /* master.c in Sources */,
				F8182FD72DC922440071171C /* mac.c in Sources */,
				F8182FAB2DC921B80071171C /* dispatch.c in Sources */,
				F8182FAC2DC921B80071171C /* make_drawlist.c in Sources */,
				F8182FAE2DC921B80071171C /* drawshape.c in Sources */,
				F8182FE52DC924040071171C /* muls_divs.c in Sources */,
				F8182FAF2DC921B80071171C /* endshapes.c in Sources */,
				F8182FB12DC921B80071171C /* popchart.c in Sources */,
				F8182FB22DC921B80071171C /* setup_players.c in Sources */,
				F8182FB32DC921B80071171C /* sound.c in Sources */,
				F8182FB42DC921B80071171C /* aesinit.c in Sources */,
				F8182FB52DC921B80071171C /* draw3d.c in Sources */,
				F8182FB62DC921B80071171C /* maingame.c in Sources */,
				F8182FB72DC921B80071171C /* rscmisc.c in Sources */,
				F88BF4FB2DC9246A00AFC152 /* check_copy_prot.c in Sources */,
				F88BF4FC2DC9246A00AFC152 /* decompresstitle.c in Sources */,
				F8182FB82DC921B80071171C /* maze_object.c in Sources */,
				F8182FB92DC921B80071171C /* maze_set_obj.c in Sources */,
				F8182FBA2DC921B80071171C /* draw2d.c in Sources */,
				F8182FBB2DC921B80071171C /* screen.c in Sources */,
				F8182FBC2DC921B80071171C /* rungame.c in Sources */,
				F8182FBD2DC921B80071171C /* drone.c in Sources */,
				F8182FBE2DC921B80071171C /* miscoutput.c in Sources */,
				F8182FBF2DC921B80071171C /* savescreen.c in Sources */,
				F8B547A71F7CC57B00705C64 /* AtariTOS.mm in Sources */,
				F88BF4F62DC9244300AFC152 /* calc_tab.c in Sources */,
				F88BF4F72DC9244300AFC152 /* blit_draw_shape_bw.c in Sources */,
				F88BF4F82DC9244300AFC152 /* blit_draw_shape_col.c in Sources */,
				F8A7D32E1F7BF35300610920 /* main.m in Sources */,
				F8A7D3261F7BF35300610920 /* AppDelegate.mm in Sources */,
			);
			runOnlyForDeploymentPostprocessing = 0;
		};
/* End PBXSourcesBuildPhase section */

/* Begin PBXVariantGroup section */
		F8A7D3291F7BF35300610920 /* MainMenu.xib */ = {
			isa = PBXVariantGroup;
			children = (
				F8A7D32A1F7BF35300610920 /* Base */,
			);
			name = MainMenu.xib;
			sourceTree = "<group>";
		};
/* End PBXVariantGroup section */

/* Begin XCBuildConfiguration section */
		F8A7D3461F7BF35300610920 /* Debug */ = {
			isa = XCBuildConfiguration;
			buildSettings = {
				CLANG_ANALYZER_NONNULL = YES;
				CLANG_ANALYZER_NUMBER_OBJECT_CONVERSION = YES_AGGRESSIVE;
				CLANG_ENABLE_MODULES = YES;
				CLANG_ENABLE_OBJC_ARC = YES;
				CLANG_WARN_BLOCK_CAPTURE_AUTORELEASING = YES;
				CLANG_WARN_BOOL_CONVERSION = YES;
				CLANG_WARN_COMMA = YES;
				CLANG_WARN_CONSTANT_CONVERSION = YES;
				CLANG_WARN_DEPRECATED_OBJC_IMPLEMENTATIONS = YES;
				CLANG_WARN_DIRECT_OBJC_ISA_USAGE = YES_ERROR;
				CLANG_WARN_DOCUMENTATION_COMMENTS = YES;
				CLANG_WARN_EMPTY_BODY = YES;
				CLANG_WARN_ENUM_CONVERSION = YES;
				CLANG_WARN_INFINITE_RECURSION = YES;
				CLANG_WARN_INT_CONVERSION = YES;
				CLANG_WARN_NON_LITERAL_NULL_CONVERSION = YES;
				CLANG_WARN_OBJC_IMPLICIT_RETAIN_SELF = YES;
				CLANG_WARN_OBJC_LITERAL_CONVERSION = YES;
				CLANG_WARN_OBJC_ROOT_CLASS = YES_ERROR;
				CLANG_WARN_QUOTED_INCLUDE_IN_FRAMEWORK_HEADER = YES;
				CLANG_WARN_RANGE_LOOP_ANALYSIS = YES;
				CLANG_WARN_STRICT_PROTOTYPES = YES;
				CLANG_WARN_SUSPICIOUS_MOVE = YES;
				CLANG_WARN_UNGUARDED_AVAILABILITY = YES_AGGRESSIVE;
				CLANG_WARN_UNREACHABLE_CODE = YES;
				CLANG_WARN__DUPLICATE_METHOD_MATCH = YES;
				CODE_SIGN_IDENTITY = "-";
				COPY_PHASE_STRIP = NO;
				DEAD_CODE_STRIPPING = YES;
				DEBUG_INFORMATION_FORMAT = dwarf;
				ENABLE_STRICT_OBJC_MSGSEND = YES;
				ENABLE_TESTABILITY = YES;
				ENABLE_USER_SCRIPT_SANDBOXING = YES;
				GCC_NO_COMMON_BLOCKS = YES;
				GCC_OPTIMIZATION_LEVEL = 0;
				GCC_PREPROCESSOR_DEFINITIONS = (
					"DEBUG=1",
					"$(inherited)",
				);
				GCC_REUSE_STRINGS = NO;
				GCC_WARN_64_TO_32_BIT_CONVERSION = YES;
				GCC_WARN_ABOUT_RETURN_TYPE = YES_ERROR;
				GCC_WARN_UNDECLARED_SELECTOR = YES;
				GCC_WARN_UNINITIALIZED_AUTOS = YES_AGGRESSIVE;
				GCC_WARN_UNUSED_FUNCTION = YES;
				GCC_WARN_UNUSED_VARIABLE = YES;
				MTL_ENABLE_DEBUG_INFO = YES;
				ONLY_ACTIVE_ARCH = YES;
				SDKROOT = macosx;
			};
			name = Debug;
		};
		F8A7D3471F7BF35300610920 /* Release */ = {
			isa = XCBuildConfiguration;
			buildSettings = {
				CLANG_ANALYZER_NONNULL = YES;
				CLANG_ANALYZER_NUMBER_OBJECT_CONVERSION = YES_AGGRESSIVE;
				CLANG_ENABLE_MODULES = YES;
				CLANG_ENABLE_OBJC_ARC = YES;
				CLANG_WARN_BLOCK_CAPTURE_AUTORELEASING = YES;
				CLANG_WARN_BOOL_CONVERSION = YES;
				CLANG_WARN_COMMA = YES;
				CLANG_WARN_CONSTANT_CONVERSION = YES;
				CLANG_WARN_DEPRECATED_OBJC_IMPLEMENTATIONS = YES;
				CLANG_WARN_DIRECT_OBJC_ISA_USAGE = YES_ERROR;
				CLANG_WARN_DOCUMENTATION_COMMENTS = YES;
				CLANG_WARN_EMPTY_BODY = YES;
				CLANG_WARN_ENUM_CONVERSION = YES;
				CLANG_WARN_INFINITE_RECURSION = YES;
				CLANG_WARN_INT_CONVERSION = YES;
				CLANG_WARN_NON_LITERAL_NULL_CONVERSION = YES;
				CLANG_WARN_OBJC_IMPLICIT_RETAIN_SELF = YES;
				CLANG_WARN_OBJC_LITERAL_CONVERSION = YES;
				CLANG_WARN_OBJC_ROOT_CLASS = YES_ERROR;
				CLANG_WARN_QUOTED_INCLUDE_IN_FRAMEWORK_HEADER = YES;
				CLANG_WARN_RANGE_LOOP_ANALYSIS = YES;
				CLANG_WARN_STRICT_PROTOTYPES = YES;
				CLANG_WARN_SUSPICIOUS_MOVE = YES;
				CLANG_WARN_UNGUARDED_AVAILABILITY = YES_AGGRESSIVE;
				CLANG_WARN_UNREACHABLE_CODE = YES;
				CLANG_WARN__DUPLICATE_METHOD_MATCH = YES;
				CODE_SIGN_IDENTITY = "-";
				COPY_PHASE_STRIP = NO;
				DEAD_CODE_STRIPPING = YES;
				DEBUG_INFORMATION_FORMAT = "dwarf-with-dsym";
				ENABLE_NS_ASSERTIONS = NO;
				ENABLE_STRICT_OBJC_MSGSEND = YES;
				ENABLE_USER_SCRIPT_SANDBOXING = YES;
				GCC_NO_COMMON_BLOCKS = YES;
				GCC_REUSE_STRINGS = NO;
				GCC_WARN_64_TO_32_BIT_CONVERSION = YES;
				GCC_WARN_ABOUT_RETURN_TYPE = YES_ERROR;
				GCC_WARN_UNDECLARED_SELECTOR = YES;
				GCC_WARN_UNINITIALIZED_AUTOS = YES_AGGRESSIVE;
				GCC_WARN_UNUSED_FUNCTION = YES;
				GCC_WARN_UNUSED_VARIABLE = YES;
				MTL_ENABLE_DEBUG_INFO = NO;
				SDKROOT = macosx;
			};
			name = Release;
		};
		F8A7D3491F7BF35300610920 /* Debug */ = {
			isa = XCBuildConfiguration;
			buildSettings = {
				ASSETCATALOG_COMPILER_APPICON_NAME = AppIcon;
				CODE_SIGN_ENTITLEMENTS = MIDIMaze/Resources/MIDIMaze.entitlements;
				CODE_SIGN_STYLE = Automatic;
				COMBINE_HIDPI_IMAGES = YES;
				DEAD_CODE_STRIPPING = YES;
				INFOPLIST_FILE = MIDIMaze/Resources/Info.plist;
				LD_RUNPATH_SEARCH_PATHS = (
					"$(inherited)",
					"@executable_path/../Frameworks",
				);
				MACOSX_DEPLOYMENT_TARGET = 11.0;
				OTHER_CFLAGS = "";
				PRODUCT_BUNDLE_IDENTIFIER = com.sarnau.MIDIMaze;
				PRODUCT_NAME = "$(TARGET_NAME)";
				WARNING_CFLAGS = "-Wno-deprecated-register";
			};
			name = Debug;
		};
		F8A7D34A1F7BF35300610920 /* Release */ = {
			isa = XCBuildConfiguration;
			buildSettings = {
				ASSETCATALOG_COMPILER_APPICON_NAME = AppIcon;
				CODE_SIGN_ENTITLEMENTS = MIDIMaze/Resources/MIDIMaze.entitlements;
				CODE_SIGN_STYLE = Automatic;
				COMBINE_HIDPI_IMAGES = YES;
				DEAD_CODE_STRIPPING = YES;
				INFOPLIST_FILE = MIDIMaze/Resources/Info.plist;
				LD_RUNPATH_SEARCH_PATHS = (
					"$(inherited)",
					"@executable_path/../Frameworks",
				);
				MACOSX_DEPLOYMENT_TARGET = 11.0;
				OTHER_CFLAGS = "";
				PRODUCT_BUNDLE_IDENTIFIER = com.sarnau.MIDIMaze;
				PRODUCT_NAME = "$(TARGET_NAME)";
				WARNING_CFLAGS = "-Wno-deprecated-register";
			};
			name = Release;
		};
/* End XCBuildConfiguration section */

/* Begin XCConfigurationList section */
		F8A7D31C1F7BF35300610920 /* Build configuration list for PBXProject "MIDIMaze" */ = {
			isa = XCConfigurationList;
			buildConfigurations = (
				F8A7D3461F7BF35300610920 /* Debug */,
				F8A7D3471F7BF35300610920 /* Release */,
			);
			defaultConfigurationIsVisible = 0;
			defaultConfigurationName = Release;
		};
		F8A7D3481F7BF35300610920 /* Build configuration list for PBXNativeTarget "MIDIMaze" */ = {
			isa = XCConfigurationList;
			buildConfigurations = (
				F8A7D3491F7BF35300610920 /* Debug */,
				F8A7D34A1F7BF35300610920 /* Release */,
			);
			defaultConfigurationIsVisible = 0;
			defaultConfigurationName = Release;
		};
/* End XCConfigurationList section */
	};
	rootObject = F8A7D3191F7BF35300610920 /* Project object */;
}
